PODS:
  - Alamofire (4.9.1)
  - AlamofireImage (3.6.0):
    - Alamofire (~> 4.9)
  - AlamofireObjectMapper (5.2.1):
    - Alamofire (~> 4.7)
    - ObjectMapper (~> 3.4)
  - ObjectMapper (3.5.1)
  - "ObjectMapper+Realm (1.0)":
    - ObjectMapper
    - RealmSwift
  - ObjectMapperAdditions/Core (6.0.2):
    - ObjectMapper
  - ObjectMapperAdditions/Realm (6.0.2):
    - ObjectMapper
    - ObjectMapperAdditions/Core
    - RealmSwift
  - PromiseKit/CorePromise (6.12.0)
  - Realm (4.0.0):
    - Realm/Headers (= 4.0.0)
  - Realm/Headers (4.0.0)
  - RealmSwift (4.0.0):
    - Realm (= 4.0.0)
  - SwiftRepository (0.1.5):
    - AlamofireImage
    - AlamofireObjectMapper
    - ObjectMapper
    - "ObjectMapper+Realm"
    - ObjectMapperAdditions/Realm
    - PromiseKit/CorePromise
    - RealmSwift

DEPENDENCIES:
  - AlamofireImage
  - AlamofireObjectMapper
  - ObjectMapper
  - "ObjectMapper+Realm"
  - ObjectMapperAdditions/Realm
  - PromiseKit/CorePromise
  - RealmSwift
  - SwiftRepository (from `../`)

SPEC REPOS:
  https://github.com/CocoaPods/Specs.git:
    - Alamofire
    - AlamofireImage
    - AlamofireObjectMapper
    - ObjectMapper
    - "ObjectMapper+Realm"
    - ObjectMapperAdditions
    - PromiseKit
    - Realm
    - RealmSwift

EXTERNAL SOURCES:
  SwiftRepository:
    :path: "../"

SPEC CHECKSUMS:
  Alamofire: 85e8a02c69d6020a0d734f6054870d7ecb75cf18
  AlamofireImage: be9963c6582d68b39e89191f64c82a7d7bf40fdd
  AlamofireObjectMapper: 1989f690e982b71921b9253f53a4f33a9bc00d88
  ObjectMapper: 70187b8941977c62ccfb423caf6b50be405cabf0
  "ObjectMapper+Realm": bd713d57132bf05880a656695137764692f7d2bb
  ObjectMapperAdditions: 923fa7cdc45a7937e08fea8c715d18fc3604b122
  PromiseKit: c06835ba442ce5454ce3cdde470232804a6e4ff8
  Realm: 0c5b8f398daeec5b29824e41c453ff9e126e31d8
  RealmSwift: 02e1f604f7091ec535145055764ca53efa8cdc92
  SwiftRepository: dda8b343c467fdd512d8a1a7ce8fb14451ea9d8f

PODFILE CHECKSUM: c40187071cc3b20ee0f3194f3b3ddc1a8114e5ea

COCOAPODS: 1.8.4
