PODS:
  - Alamofire (4.9.1)
  - AlamofireImage (3.6.0):
    - Alamofire (~> 4.9)
  - AlamofireObjectMapper (5.2.1):
    - Alamofire (~> 4.7)
    - ObjectMapper (~> 3.4)
  - ObjectMapper (3.5.1)
  - ObjectMapperAdditions/Core (6.0.2):
    - ObjectMapper
  - ObjectMapperAdditions/Realm (6.0.2):
    - ObjectMapper
    - ObjectMapperAdditions/Core
    - RealmSwift
  - PromiseKit/CorePromise (6.13.1)
  - Realm (4.3.2):
    - Realm/Headers (= 4.3.2)
  - Realm/Headers (4.3.2)
  - RealmSwift (4.3.2):
    - Realm (= 4.3.2)
  - SwiftRepository (0.3.3):
    - AlamofireImage
    - AlamofireObjectMapper
    - ObjectMapper
    - ObjectMapperAdditions/Realm
    - PromiseKit/CorePromise
    - RealmSwift

DEPENDENCIES:
  - AlamofireImage
  - AlamofireObjectMapper (= 5.2.1)
  - ObjectMapper (= 3.5.1)
  - ObjectMapperAdditions/Realm
  - PromiseKit/CorePromise
  - RealmSwift
  - SwiftRepository (from `../`)

SPEC REPOS:
  https://github.com/CocoaPods/Specs.git:
    - Alamofire
    - AlamofireImage
    - AlamofireObjectMapper
    - ObjectMapper
    - ObjectMapperAdditions
    - PromiseKit
    - Realm
    - RealmSwift

EXTERNAL SOURCES:
  SwiftRepository:
    :path: "../"

SPEC CHECKSUMS:
  Alamofire: 85e8a02c69d6020a0d734f6054870d7ecb75cf18
  AlamofireImage: be9963c6582d68b39e89191f64c82a7d7bf40fdd
  AlamofireObjectMapper: 1989f690e982b71921b9253f53a4f33a9bc00d88
  ObjectMapper: 70187b8941977c62ccfb423caf6b50be405cabf0
  ObjectMapperAdditions: 923fa7cdc45a7937e08fea8c715d18fc3604b122
  PromiseKit: 28fda91c973cc377875d8c0ea4f973013c05b6db
  Realm: 5e92902e2875dff4bb0fd02f67bb737c3d5db2bc
  RealmSwift: 9a360fc7bae04fc2e308a34fbd899d5faa2d6b22
  SwiftRepository: ced9efb451e017110d4ae56258115fc81c9a59d8

PODFILE CHECKSUM: 6c8c04c2b461e4eb05054337f57f3cf28cf4994d

COCOAPODS: 1.9.1
