// !$*UTF8*$!
{
	archiveVersion = 1;
	classes = {
	};
	objectVersion = 46;
	objects = {

/* Begin PBXBuildFile section */
		0FB092CCC6807559E159F70C /* Pods_Repository_Tests.framework in Frameworks */ = {isa = PBXBuildFile; fileRef = 4E0B765CBD09112B7655CA1B /* Pods_Repository_Tests.framework */; };
		607FACD61AFB9204008FA782 /* AppDelegate.swift in Sources */ = {isa = PBXBuildFile; fileRef = 607FACD51AFB9204008FA782 /* AppDelegate.swift */; };
		607FACD81AFB9204008FA782 /* ViewController.swift in Sources */ = {isa = PBXBuildFile; fileRef = 607FACD71AFB9204008FA782 /* ViewController.swift */; };
		607FACDB1AFB9204008FA782 /* Main.storyboard in Resources */ = {isa = PBXBuildFile; fileRef = 607FACD91AFB9204008FA782 /* Main.storyboard */; };
		607FACDD1AFB9204008FA782 /* Images.xcassets in Resources */ = {isa = PBXBuildFile; fileRef = 607FACDC1AFB9204008FA782 /* Images.xcassets */; };
		607FACE01AFB9204008FA782 /* LaunchScreen.xib in Resources */ = {isa = PBXBuildFile; fileRef = 607FACDE1AFB9204008FA782 /* LaunchScreen.xib */; };
		607FACEC1AFB9204008FA782 /* Tests.swift in Sources */ = {isa = PBXBuildFile; fileRef = 607FACEB1AFB9204008FA782 /* Tests.swift */; };
		AC5E4B3F412CC05166E9EED9 /* Pods_Repository_Example.framework in Frameworks */ = {isa = PBXBuildFile; fileRef = 361BCC07C8614DE72A414008 /* Pods_Repository_Example.framework */; };
		CE2EA5A2243D9A98005FE3FD /* TokenRepository.swift in Sources */ = {isa = PBXBuildFile; fileRef = CE2EA5A1243D9A98005FE3FD /* TokenRepository.swift */; };
		CE32C0EC225B2CFD00771C93 /* User.swift in Sources */ = {isa = PBXBuildFile; fileRef = CE32C0EB225B2CFD00771C93 /* User.swift */; };
		CE32C0ED225B2CFD00771C93 /* User.swift in Sources */ = {isa = PBXBuildFile; fileRef = CE32C0EB225B2CFD00771C93 /* User.swift */; };
		CE32C0EF225B2D1A00771C93 /* User+Request.swift in Sources */ = {isa = PBXBuildFile; fileRef = CE32C0EE225B2D1A00771C93 /* User+Request.swift */; };
		CE32C0F0225B2D1A00771C93 /* User+Request.swift in Sources */ = {isa = PBXBuildFile; fileRef = CE32C0EE225B2D1A00771C93 /* User+Request.swift */; };
		CE32C0F2225B2D3700771C93 /* MainRequestBuilder.swift in Sources */ = {isa = PBXBuildFile; fileRef = CE32C0F1225B2D3700771C93 /* MainRequestBuilder.swift */; };
		CE32C0F5225B2DDA00771C93 /* ServiceLocator.swift in Sources */ = {isa = PBXBuildFile; fileRef = CE32C0F4225B2DDA00771C93 /* ServiceLocator.swift */; };
		CE32C0FB225B2E2D00771C93 /* UserRepository.swift in Sources */ = {isa = PBXBuildFile; fileRef = CE32C0FA225B2E2D00771C93 /* UserRepository.swift */; };
		CE32C0FC225B2E2D00771C93 /* UserRepository.swift in Sources */ = {isa = PBXBuildFile; fileRef = CE32C0FA225B2E2D00771C93 /* UserRepository.swift */; };
		CE7D96F1243F05CF00597555 /* AppDelegate.swift in Sources */ = {isa = PBXBuildFile; fileRef = 607FACD51AFB9204008FA782 /* AppDelegate.swift */; };
		CE7D96F2243F05D100597555 /* ViewController.swift in Sources */ = {isa = PBXBuildFile; fileRef = 607FACD71AFB9204008FA782 /* ViewController.swift */; };
		CE7D96F3243F05D500597555 /* Token.swift in Sources */ = {isa = PBXBuildFile; fileRef = CEE21B27243F01AC001485E6 /* Token.swift */; };
		CE7D96F4243F05D500597555 /* Token+Request.swift in Sources */ = {isa = PBXBuildFile; fileRef = CEE21B29243F01BB001485E6 /* Token+Request.swift */; };
		CE7D96F5243F05D500597555 /* TokenRepository.swift in Sources */ = {isa = PBXBuildFile; fileRef = CE2EA5A1243D9A98005FE3FD /* TokenRepository.swift */; };
		CE7D96F9243F05DC00597555 /* MainRequestBuilder.swift in Sources */ = {isa = PBXBuildFile; fileRef = CE32C0F1225B2D3700771C93 /* MainRequestBuilder.swift */; };
		CE7D96FA243F05DC00597555 /* ServiceLocator.swift in Sources */ = {isa = PBXBuildFile; fileRef = CE32C0F4225B2DDA00771C93 /* ServiceLocator.swift */; };
		CE7D96FB243F05DC00597555 /* MainSessionManager.swift in Sources */ = {isa = PBXBuildFile; fileRef = CEE4563323CC66A600C55556 /* MainSessionManager.swift */; };
		CE7D96FC243F05DC00597555 /* Keychaine+Store.swift in Sources */ = {isa = PBXBuildFile; fileRef = CEE21B24243F0062001485E6 /* Keychaine+Store.swift */; };
		CE7D9704243F098B00597555 /* UserDefault.swift in Sources */ = {isa = PBXBuildFile; fileRef = CE7D9703243F098B00597555 /* UserDefault.swift */; };
		CE90E190243F551900E4446F /* ImageRepository.swift in Sources */ = {isa = PBXBuildFile; fileRef = CE90E18F243F551900E4446F /* ImageRepository.swift */; };
		CE90E192243F554D00E4446F /* Image+Request.swift in Sources */ = {isa = PBXBuildFile; fileRef = CE90E191243F554D00E4446F /* Image+Request.swift */; };
		CE90E193243F55D100E4446F /* ImageRepository.swift in Sources */ = {isa = PBXBuildFile; fileRef = CE90E18F243F551900E4446F /* ImageRepository.swift */; };
		CE90E194243F55F000E4446F /* Image+Request.swift in Sources */ = {isa = PBXBuildFile; fileRef = CE90E191243F554D00E4446F /* Image+Request.swift */; };
		CEB3269B24AB388700B654B6 /* LocalStoreRealm.swift in Sources */ = {isa = PBXBuildFile; fileRef = CEB3269924AB388700B654B6 /* LocalStoreRealm.swift */; };
		CEB3269C24AB388700B654B6 /* ObjectMapper+Realm.swift in Sources */ = {isa = PBXBuildFile; fileRef = CEB3269A24AB388700B654B6 /* ObjectMapper+Realm.swift */; };
		CEB3269D24AB39C700B654B6 /* ObjectMapper+Realm.swift in Sources */ = {isa = PBXBuildFile; fileRef = CEB3269A24AB388700B654B6 /* ObjectMapper+Realm.swift */; };
		CEB3269E24AB39C700B654B6 /* LocalStoreRealm.swift in Sources */ = {isa = PBXBuildFile; fileRef = CEB3269924AB388700B654B6 /* LocalStoreRealm.swift */; };
		CEB5B932247A899000721855 /* UserDefault+Store.swift in Sources */ = {isa = PBXBuildFile; fileRef = CEB5B931247A899000721855 /* UserDefault+Store.swift */; };
		CEE21B25243F0062001485E6 /* Keychaine+Store.swift in Sources */ = {isa = PBXBuildFile; fileRef = CEE21B24243F0062001485E6 /* Keychaine+Store.swift */; };
		CEE21B28243F01AC001485E6 /* Token.swift in Sources */ = {isa = PBXBuildFile; fileRef = CEE21B27243F01AC001485E6 /* Token.swift */; };
		CEE21B2A243F01BB001485E6 /* Token+Request.swift in Sources */ = {isa = PBXBuildFile; fileRef = CEE21B29243F01BB001485E6 /* Token+Request.swift */; };
		CEE4563523CC66A600C55556 /* MainSessionManager.swift in Sources */ = {isa = PBXBuildFile; fileRef = CEE4563323CC66A600C55556 /* MainSessionManager.swift */; };
		CEF8D20322671206005FF0C3 /* SwiftRepository.podspec in Resources */ = {isa = PBXBuildFile; fileRef = CEF8D20222671206005FF0C3 /* SwiftRepository.podspec */; };
/* End PBXBuildFile section */

/* Begin PBXContainerItemProxy section */
		607FACE61AFB9204008FA782 /* PBXContainerItemProxy */ = {
			isa = PBXContainerItemProxy;
			containerPortal = 607FACC81AFB9204008FA782 /* Project object */;
			proxyType = 1;
			remoteGlobalIDString = 607FACCF1AFB9204008FA782;
			remoteInfo = Repository;
		};
/* End PBXContainerItemProxy section */

/* Begin PBXFileReference section */
		361BCC07C8614DE72A414008 /* Pods_Repository_Example.framework */ = {isa = PBXFileReference; explicitFileType = wrapper.framework; includeInIndex = 0; path = Pods_Repository_Example.framework; sourceTree = BUILT_PRODUCTS_DIR; };
		4058BD68E0378AEE1992C69C /* Pods-Repository_Example.debug.xcconfig */ = {isa = PBXFileReference; includeInIndex = 1; lastKnownFileType = text.xcconfig; name = "Pods-Repository_Example.debug.xcconfig"; path = "Target Support Files/Pods-Repository_Example/Pods-Repository_Example.debug.xcconfig"; sourceTree = "<group>"; };
		4E0B765CBD09112B7655CA1B /* Pods_Repository_Tests.framework */ = {isa = PBXFileReference; explicitFileType = wrapper.framework; includeInIndex = 0; path = Pods_Repository_Tests.framework; sourceTree = BUILT_PRODUCTS_DIR; };
		607FACD01AFB9204008FA782 /* Repository_Example.app */ = {isa = PBXFileReference; explicitFileType = wrapper.application; includeInIndex = 0; path = Repository_Example.app; sourceTree = BUILT_PRODUCTS_DIR; };
		607FACD41AFB9204008FA782 /* Info.plist */ = {isa = PBXFileReference; lastKnownFileType = text.plist.xml; path = Info.plist; sourceTree = "<group>"; };
		607FACD51AFB9204008FA782 /* AppDelegate.swift */ = {isa = PBXFileReference; lastKnownFileType = sourcecode.swift; path = AppDelegate.swift; sourceTree = "<group>"; };
		607FACD71AFB9204008FA782 /* ViewController.swift */ = {isa = PBXFileReference; lastKnownFileType = sourcecode.swift; path = ViewController.swift; sourceTree = "<group>"; };
		607FACDA1AFB9204008FA782 /* Base */ = {isa = PBXFileReference; lastKnownFileType = file.storyboard; name = Base; path = Base.lproj/Main.storyboard; sourceTree = "<group>"; };
		607FACDC1AFB9204008FA782 /* Images.xcassets */ = {isa = PBXFileReference; lastKnownFileType = folder.assetcatalog; path = Images.xcassets; sourceTree = "<group>"; };
		607FACDF1AFB9204008FA782 /* Base */ = {isa = PBXFileReference; lastKnownFileType = file.xib; name = Base; path = Base.lproj/LaunchScreen.xib; sourceTree = "<group>"; };
		607FACE51AFB9204008FA782 /* Repository_Tests.xctest */ = {isa = PBXFileReference; explicitFileType = wrapper.cfbundle; includeInIndex = 0; path = Repository_Tests.xctest; sourceTree = BUILT_PRODUCTS_DIR; };
		607FACEA1AFB9204008FA782 /* Info.plist */ = {isa = PBXFileReference; lastKnownFileType = text.plist.xml; path = Info.plist; sourceTree = "<group>"; };
		607FACEB1AFB9204008FA782 /* Tests.swift */ = {isa = PBXFileReference; lastKnownFileType = sourcecode.swift; path = Tests.swift; sourceTree = "<group>"; };
		72DE076C90025B9C44245A92 /* Pods-Repository_Tests.debug.xcconfig */ = {isa = PBXFileReference; includeInIndex = 1; lastKnownFileType = text.xcconfig; name = "Pods-Repository_Tests.debug.xcconfig"; path = "Target Support Files/Pods-Repository_Tests/Pods-Repository_Tests.debug.xcconfig"; sourceTree = "<group>"; };
		8FB6C3308C7D297119B8214C /* README.md */ = {isa = PBXFileReference; includeInIndex = 1; lastKnownFileType = net.daringfireball.markdown; name = README.md; path = ../README.md; sourceTree = "<group>"; };
		C5B47578E681944CA0A9496C /* LICENSE */ = {isa = PBXFileReference; includeInIndex = 1; lastKnownFileType = text; name = LICENSE; path = ../LICENSE; sourceTree = "<group>"; };
		CE2EA5A1243D9A98005FE3FD /* TokenRepository.swift */ = {isa = PBXFileReference; lastKnownFileType = sourcecode.swift; path = TokenRepository.swift; sourceTree = "<group>"; };
		CE32C0EB225B2CFD00771C93 /* User.swift */ = {isa = PBXFileReference; lastKnownFileType = sourcecode.swift; path = User.swift; sourceTree = "<group>"; };
		CE32C0EE225B2D1A00771C93 /* User+Request.swift */ = {isa = PBXFileReference; lastKnownFileType = sourcecode.swift; path = "User+Request.swift"; sourceTree = "<group>"; };
		CE32C0F1225B2D3700771C93 /* MainRequestBuilder.swift */ = {isa = PBXFileReference; lastKnownFileType = sourcecode.swift; path = MainRequestBuilder.swift; sourceTree = "<group>"; };
		CE32C0F4225B2DDA00771C93 /* ServiceLocator.swift */ = {isa = PBXFileReference; lastKnownFileType = sourcecode.swift; path = ServiceLocator.swift; sourceTree = "<group>"; };
		CE32C0FA225B2E2D00771C93 /* UserRepository.swift */ = {isa = PBXFileReference; lastKnownFileType = sourcecode.swift; path = UserRepository.swift; sourceTree = "<group>"; };
		CE7D9703243F098B00597555 /* UserDefault.swift */ = {isa = PBXFileReference; lastKnownFileType = sourcecode.swift; path = UserDefault.swift; sourceTree = "<group>"; };
		CE90E18F243F551900E4446F /* ImageRepository.swift */ = {isa = PBXFileReference; lastKnownFileType = sourcecode.swift; path = ImageRepository.swift; sourceTree = "<group>"; };
		CE90E191243F554D00E4446F /* Image+Request.swift */ = {isa = PBXFileReference; lastKnownFileType = sourcecode.swift; path = "Image+Request.swift"; sourceTree = "<group>"; };
		CEB3267424A4B20A00B654B6 /* Package.swift */ = {isa = PBXFileReference; lastKnownFileType = sourcecode.swift; name = Package.swift; path = ../Package.swift; sourceTree = "<group>"; };
		CEB3269924AB388700B654B6 /* LocalStoreRealm.swift */ = {isa = PBXFileReference; fileEncoding = 4; lastKnownFileType = sourcecode.swift; path = LocalStoreRealm.swift; sourceTree = "<group>"; };
		CEB3269A24AB388700B654B6 /* ObjectMapper+Realm.swift */ = {isa = PBXFileReference; fileEncoding = 4; lastKnownFileType = sourcecode.swift; path = "ObjectMapper+Realm.swift"; sourceTree = "<group>"; };
		CEB5B931247A899000721855 /* UserDefault+Store.swift */ = {isa = PBXFileReference; lastKnownFileType = sourcecode.swift; path = "UserDefault+Store.swift"; sourceTree = "<group>"; };
		CEE21B24243F0062001485E6 /* Keychaine+Store.swift */ = {isa = PBXFileReference; lastKnownFileType = sourcecode.swift; path = "Keychaine+Store.swift"; sourceTree = "<group>"; };
		CEE21B27243F01AC001485E6 /* Token.swift */ = {isa = PBXFileReference; lastKnownFileType = sourcecode.swift; path = Token.swift; sourceTree = "<group>"; };
		CEE21B29243F01BB001485E6 /* Token+Request.swift */ = {isa = PBXFileReference; lastKnownFileType = sourcecode.swift; path = "Token+Request.swift"; sourceTree = "<group>"; };
		CEE4563323CC66A600C55556 /* MainSessionManager.swift */ = {isa = PBXFileReference; fileEncoding = 4; lastKnownFileType = sourcecode.swift; path = MainSessionManager.swift; sourceTree = "<group>"; };
		CEF8D20222671206005FF0C3 /* SwiftRepository.podspec */ = {isa = PBXFileReference; fileEncoding = 4; lastKnownFileType = text; name = SwiftRepository.podspec; path = ../SwiftRepository.podspec; sourceTree = "<group>"; xcLanguageSpecificationIdentifier = xcode.lang.ruby; };
		D656C755FA24150895250225 /* Pods-Repository_Tests.release.xcconfig */ = {isa = PBXFileReference; includeInIndex = 1; lastKnownFileType = text.xcconfig; name = "Pods-Repository_Tests.release.xcconfig"; path = "Target Support Files/Pods-Repository_Tests/Pods-Repository_Tests.release.xcconfig"; sourceTree = "<group>"; };
		DFBCF955F948302FF074A379 /* Pods-Repository_Example.release.xcconfig */ = {isa = PBXFileReference; includeInIndex = 1; lastKnownFileType = text.xcconfig; name = "Pods-Repository_Example.release.xcconfig"; path = "Target Support Files/Pods-Repository_Example/Pods-Repository_Example.release.xcconfig"; sourceTree = "<group>"; };
/* End PBXFileReference section */

/* Begin PBXFrameworksBuildPhase section */
		607FACCD1AFB9204008FA782 /* Frameworks */ = {
			isa = PBXFrameworksBuildPhase;
			buildActionMask = 2147483647;
			files = (
				AC5E4B3F412CC05166E9EED9 /* Pods_Repository_Example.framework in Frameworks */,
			);
			runOnlyForDeploymentPostprocessing = 0;
		};
		607FACE21AFB9204008FA782 /* Frameworks */ = {
			isa = PBXFrameworksBuildPhase;
			buildActionMask = 2147483647;
			files = (
				0FB092CCC6807559E159F70C /* Pods_Repository_Tests.framework in Frameworks */,
			);
			runOnlyForDeploymentPostprocessing = 0;
		};
/* End PBXFrameworksBuildPhase section */

/* Begin PBXGroup section */
		607FACC71AFB9204008FA782 = {
			isa = PBXGroup;
			children = (
				607FACF51AFB993E008FA782 /* Podspec Metadata */,
				607FACD21AFB9204008FA782 /* Example for Repository */,
				607FACE81AFB9204008FA782 /* Tests */,
				607FACD11AFB9204008FA782 /* Products */,
				7139BBBB3F4C9DF6FF0E2BAF /* Pods */,
				B22106C0F11DD2E72BB5B511 /* Frameworks */,
			);
			sourceTree = "<group>";
		};
		607FACD11AFB9204008FA782 /* Products */ = {
			isa = PBXGroup;
			children = (
				607FACD01AFB9204008FA782 /* Repository_Example.app */,
				607FACE51AFB9204008FA782 /* Repository_Tests.xctest */,
			);
			name = Products;
			sourceTree = "<group>";
		};
		607FACD21AFB9204008FA782 /* Example for Repository */ = {
			isa = PBXGroup;
			children = (
				607FACD51AFB9204008FA782 /* AppDelegate.swift */,
				607FACD71AFB9204008FA782 /* ViewController.swift */,
				CEE21B26243F0083001485E6 /* Repository */,
				CEE4563223CC66A600C55556 /* Utils */,
				607FACD91AFB9204008FA782 /* Main.storyboard */,
				607FACDC1AFB9204008FA782 /* Images.xcassets */,
				607FACDE1AFB9204008FA782 /* LaunchScreen.xib */,
				607FACD31AFB9204008FA782 /* Supporting Files */,
			);
			name = "Example for Repository";
			path = Repository;
			sourceTree = "<group>";
		};
		607FACD31AFB9204008FA782 /* Supporting Files */ = {
			isa = PBXGroup;
			children = (
				607FACD41AFB9204008FA782 /* Info.plist */,
			);
			name = "Supporting Files";
			sourceTree = "<group>";
		};
		607FACE81AFB9204008FA782 /* Tests */ = {
			isa = PBXGroup;
			children = (
				607FACEB1AFB9204008FA782 /* Tests.swift */,
				607FACE91AFB9204008FA782 /* Supporting Files */,
			);
			path = Tests;
			sourceTree = "<group>";
		};
		607FACE91AFB9204008FA782 /* Supporting Files */ = {
			isa = PBXGroup;
			children = (
				607FACEA1AFB9204008FA782 /* Info.plist */,
			);
			name = "Supporting Files";
			sourceTree = "<group>";
		};
		607FACF51AFB993E008FA782 /* Podspec Metadata */ = {
			isa = PBXGroup;
			children = (
				CEB3267424A4B20A00B654B6 /* Package.swift */,
				CEF8D20222671206005FF0C3 /* SwiftRepository.podspec */,
				8FB6C3308C7D297119B8214C /* README.md */,
				C5B47578E681944CA0A9496C /* LICENSE */,
			);
			name = "Podspec Metadata";
			sourceTree = "<group>";
		};
		7139BBBB3F4C9DF6FF0E2BAF /* Pods */ = {
			isa = PBXGroup;
			children = (
				4058BD68E0378AEE1992C69C /* Pods-Repository_Example.debug.xcconfig */,
				DFBCF955F948302FF074A379 /* Pods-Repository_Example.release.xcconfig */,
				72DE076C90025B9C44245A92 /* Pods-Repository_Tests.debug.xcconfig */,
				D656C755FA24150895250225 /* Pods-Repository_Tests.release.xcconfig */,
			);
			path = Pods;
			sourceTree = "<group>";
		};
		B22106C0F11DD2E72BB5B511 /* Frameworks */ = {
			isa = PBXGroup;
			children = (
				361BCC07C8614DE72A414008 /* Pods_Repository_Example.framework */,
				4E0B765CBD09112B7655CA1B /* Pods_Repository_Tests.framework */,
			);
			name = Frameworks;
			sourceTree = "<group>";
		};
		CEE21B26243F0083001485E6 /* Repository */ = {
			isa = PBXGroup;
			children = (
				CE32C0EB225B2CFD00771C93 /* User.swift */,
				CE32C0EE225B2D1A00771C93 /* User+Request.swift */,
				CEE21B27243F01AC001485E6 /* Token.swift */,
				CEE21B29243F01BB001485E6 /* Token+Request.swift */,
				CE90E191243F554D00E4446F /* Image+Request.swift */,
				CE32C0FA225B2E2D00771C93 /* UserRepository.swift */,
				CE2EA5A1243D9A98005FE3FD /* TokenRepository.swift */,
				CE90E18F243F551900E4446F /* ImageRepository.swift */,
			);
			path = Repository;
			sourceTree = "<group>";
		};
		CEE4563223CC66A600C55556 /* Utils */ = {
			isa = PBXGroup;
			children = (
				CEB3269A24AB388700B654B6 /* ObjectMapper+Realm.swift */,
				CEB3269924AB388700B654B6 /* LocalStoreRealm.swift */,
				CE32C0F1225B2D3700771C93 /* MainRequestBuilder.swift */,
				CE32C0F4225B2DDA00771C93 /* ServiceLocator.swift */,
				CEE4563323CC66A600C55556 /* MainSessionManager.swift */,
				CEE21B24243F0062001485E6 /* Keychaine+Store.swift */,
				CEB5B931247A899000721855 /* UserDefault+Store.swift */,
				CE7D9703243F098B00597555 /* UserDefault.swift */,
			);
			path = Utils;
			sourceTree = "<group>";
		};
/* End PBXGroup section */

/* Begin PBXNativeTarget section */
		607FACCF1AFB9204008FA782 /* Repository_Example */ = {
			isa = PBXNativeTarget;
			buildConfigurationList = 607FACEF1AFB9204008FA782 /* Build configuration list for PBXNativeTarget "Repository_Example" */;
			buildPhases = (
				BF99B559ED8AF4ACA59ECB61 /* [CP] Check Pods Manifest.lock */,
				607FACCC1AFB9204008FA782 /* Sources */,
				607FACCD1AFB9204008FA782 /* Frameworks */,
				607FACCE1AFB9204008FA782 /* Resources */,
				35A2FB2A728DEC7349742983 /* [CP] Embed Pods Frameworks */,
			);
			buildRules = (
			);
			dependencies = (
			);
			name = Repository_Example;
			productName = Repository;
			productReference = 607FACD01AFB9204008FA782 /* Repository_Example.app */;
			productType = "com.apple.product-type.application";
		};
		607FACE41AFB9204008FA782 /* Repository_Tests */ = {
			isa = PBXNativeTarget;
			buildConfigurationList = 607FACF21AFB9204008FA782 /* Build configuration list for PBXNativeTarget "Repository_Tests" */;
			buildPhases = (
				B95779EEDEED73613E099D89 /* [CP] Check Pods Manifest.lock */,
				607FACE11AFB9204008FA782 /* Sources */,
				607FACE21AFB9204008FA782 /* Frameworks */,
				607FACE31AFB9204008FA782 /* Resources */,
			);
			buildRules = (
			);
			dependencies = (
				607FACE71AFB9204008FA782 /* PBXTargetDependency */,
			);
			name = Repository_Tests;
			productName = Tests;
			productReference = 607FACE51AFB9204008FA782 /* Repository_Tests.xctest */;
			productType = "com.apple.product-type.bundle.unit-test";
		};
/* End PBXNativeTarget section */

/* Begin PBXProject section */
		607FACC81AFB9204008FA782 /* Project object */ = {
			isa = PBXProject;
			attributes = {
				LastSwiftUpdateCheck = 0830;
				LastUpgradeCheck = 1020;
				ORGANIZATIONNAME = CocoaPods;
				TargetAttributes = {
					607FACCF1AFB9204008FA782 = {
						CreatedOnToolsVersion = 6.3.1;
						LastSwiftMigration = 1020;
					};
					607FACE41AFB9204008FA782 = {
						CreatedOnToolsVersion = 6.3.1;
						LastSwiftMigration = 1020;
						TestTargetID = 607FACCF1AFB9204008FA782;
					};
				};
			};
			buildConfigurationList = 607FACCB1AFB9204008FA782 /* Build configuration list for PBXProject "Repository" */;
			compatibilityVersion = "Xcode 3.2";
			developmentRegion = en;
			hasScannedForEncodings = 0;
			knownRegions = (
				en,
				Base,
			);
			mainGroup = 607FACC71AFB9204008FA782;
			productRefGroup = 607FACD11AFB9204008FA782 /* Products */;
			projectDirPath = "";
			projectRoot = "";
			targets = (
				607FACCF1AFB9204008FA782 /* Repository_Example */,
				607FACE41AFB9204008FA782 /* Repository_Tests */,
			);
		};
/* End PBXProject section */

/* Begin PBXResourcesBuildPhase section */
		607FACCE1AFB9204008FA782 /* Resources */ = {
			isa = PBXResourcesBuildPhase;
			buildActionMask = 2147483647;
			files = (
				CEF8D20322671206005FF0C3 /* SwiftRepository.podspec in Resources */,
				607FACDB1AFB9204008FA782 /* Main.storyboard in Resources */,
				607FACE01AFB9204008FA782 /* LaunchScreen.xib in Resources */,
				607FACDD1AFB9204008FA782 /* Images.xcassets in Resources */,
			);
			runOnlyForDeploymentPostprocessing = 0;
		};
		607FACE31AFB9204008FA782 /* Resources */ = {
			isa = PBXResourcesBuildPhase;
			buildActionMask = 2147483647;
			files = (
			);
			runOnlyForDeploymentPostprocessing = 0;
		};
/* End PBXResourcesBuildPhase section */

/* Begin PBXShellScriptBuildPhase section */
		35A2FB2A728DEC7349742983 /* [CP] Embed Pods Frameworks */ = {
			isa = PBXShellScriptBuildPhase;
			buildActionMask = 2147483647;
			files = (
			);
			inputPaths = (
				"${PODS_ROOT}/Target Support Files/Pods-Repository_Example/Pods-Repository_Example-frameworks.sh",
				"${BUILT_PRODUCTS_DIR}/Alamofire/Alamofire.framework",
				"${BUILT_PRODUCTS_DIR}/KeychainSwift/KeychainSwift.framework",
				"${BUILT_PRODUCTS_DIR}/ObjectMapper/ObjectMapper.framework",
				"${BUILT_PRODUCTS_DIR}/PromiseKit/PromiseKit.framework",
				"${BUILT_PRODUCTS_DIR}/Realm/Realm.framework",
				"${BUILT_PRODUCTS_DIR}/RealmSwift/RealmSwift.framework",
				"${BUILT_PRODUCTS_DIR}/SwiftRepository/SwiftRepository.framework",
			);
			name = "[CP] Embed Pods Frameworks";
			outputPaths = (
				"${TARGET_BUILD_DIR}/${FRAMEWORKS_FOLDER_PATH}/Alamofire.framework",
				"${TARGET_BUILD_DIR}/${FRAMEWORKS_FOLDER_PATH}/KeychainSwift.framework",
				"${TARGET_BUILD_DIR}/${FRAMEWORKS_FOLDER_PATH}/ObjectMapper.framework",
				"${TARGET_BUILD_DIR}/${FRAMEWORKS_FOLDER_PATH}/PromiseKit.framework",
				"${TARGET_BUILD_DIR}/${FRAMEWORKS_FOLDER_PATH}/Realm.framework",
				"${TARGET_BUILD_DIR}/${FRAMEWORKS_FOLDER_PATH}/RealmSwift.framework",
				"${TARGET_BUILD_DIR}/${FRAMEWORKS_FOLDER_PATH}/SwiftRepository.framework",
			);
			runOnlyForDeploymentPostprocessing = 0;
			shellPath = /bin/sh;
			shellScript = "\"${PODS_ROOT}/Target Support Files/Pods-Repository_Example/Pods-Repository_Example-frameworks.sh\"\n";
			showEnvVarsInLog = 0;
		};
		B95779EEDEED73613E099D89 /* [CP] Check Pods Manifest.lock */ = {
			isa = PBXShellScriptBuildPhase;
			buildActionMask = 2147483647;
			files = (
			);
			inputFileListPaths = (
			);
			inputPaths = (
				"${PODS_PODFILE_DIR_PATH}/Podfile.lock",
				"${PODS_ROOT}/Manifest.lock",
			);
			name = "[CP] Check Pods Manifest.lock";
			outputFileListPaths = (
			);
			outputPaths = (
				"$(DERIVED_FILE_DIR)/Pods-Repository_Tests-checkManifestLockResult.txt",
			);
			runOnlyForDeploymentPostprocessing = 0;
			shellPath = /bin/sh;
			shellScript = "diff \"${PODS_PODFILE_DIR_PATH}/Podfile.lock\" \"${PODS_ROOT}/Manifest.lock\" > /dev/null\nif [ $? != 0 ] ; then\n    # print error to STDERR\n    echo \"error: The sandbox is not in sync with the Podfile.lock. Run 'pod install' or update your CocoaPods installation.\" >&2\n    exit 1\nfi\n# This output is used by Xcode 'outputs' to avoid re-running this script phase.\necho \"SUCCESS\" > \"${SCRIPT_OUTPUT_FILE_0}\"\n";
			showEnvVarsInLog = 0;
		};
		BF99B559ED8AF4ACA59ECB61 /* [CP] Check Pods Manifest.lock */ = {
			isa = PBXShellScriptBuildPhase;
			buildActionMask = 2147483647;
			files = (
			);
			inputFileListPaths = (
			);
			inputPaths = (
				"${PODS_PODFILE_DIR_PATH}/Podfile.lock",
				"${PODS_ROOT}/Manifest.lock",
			);
			name = "[CP] Check Pods Manifest.lock";
			outputFileListPaths = (
			);
			outputPaths = (
				"$(DERIVED_FILE_DIR)/Pods-Repository_Example-checkManifestLockResult.txt",
			);
			runOnlyForDeploymentPostprocessing = 0;
			shellPath = /bin/sh;
			shellScript = "diff \"${PODS_PODFILE_DIR_PATH}/Podfile.lock\" \"${PODS_ROOT}/Manifest.lock\" > /dev/null\nif [ $? != 0 ] ; then\n    # print error to STDERR\n    echo \"error: The sandbox is not in sync with the Podfile.lock. Run 'pod install' or update your CocoaPods installation.\" >&2\n    exit 1\nfi\n# This output is used by Xcode 'outputs' to avoid re-running this script phase.\necho \"SUCCESS\" > \"${SCRIPT_OUTPUT_FILE_0}\"\n";
			showEnvVarsInLog = 0;
		};
/* End PBXShellScriptBuildPhase section */

/* Begin PBXSourcesBuildPhase section */
		607FACCC1AFB9204008FA782 /* Sources */ = {
			isa = PBXSourcesBuildPhase;
			buildActionMask = 2147483647;
			files = (
				CE32C0FB225B2E2D00771C93 /* UserRepository.swift in Sources */,
				CEE21B25243F0062001485E6 /* Keychaine+Store.swift in Sources */,
				CEB5B932247A899000721855 /* UserDefault+Store.swift in Sources */,
				CE32C0F5225B2DDA00771C93 /* ServiceLocator.swift in Sources */,
				CEB3269B24AB388700B654B6 /* LocalStoreRealm.swift in Sources */,
				CE32C0EF225B2D1A00771C93 /* User+Request.swift in Sources */,
				CE2EA5A2243D9A98005FE3FD /* TokenRepository.swift in Sources */,
				CE32C0F2225B2D3700771C93 /* MainRequestBuilder.swift in Sources */,
				CE7D9704243F098B00597555 /* UserDefault.swift in Sources */,
				607FACD81AFB9204008FA782 /* ViewController.swift in Sources */,
				CEE21B28243F01AC001485E6 /* Token.swift in Sources */,
				607FACD61AFB9204008FA782 /* AppDelegate.swift in Sources */,
				CE32C0EC225B2CFD00771C93 /* User.swift in Sources */,
				CEB3269C24AB388700B654B6 /* ObjectMapper+Realm.swift in Sources */,
				CEE4563523CC66A600C55556 /* MainSessionManager.swift in Sources */,
				CE90E192243F554D00E4446F /* Image+Request.swift in Sources */,
				CEE21B2A243F01BB001485E6 /* Token+Request.swift in Sources */,
				CE90E190243F551900E4446F /* ImageRepository.swift in Sources */,
			);
			runOnlyForDeploymentPostprocessing = 0;
		};
		607FACE11AFB9204008FA782 /* Sources */ = {
			isa = PBXSourcesBuildPhase;
			buildActionMask = 2147483647;
			files = (
				CE7D96FC243F05DC00597555 /* Keychaine+Store.swift in Sources */,
				CE7D96F1243F05CF00597555 /* AppDelegate.swift in Sources */,
				CE32C0FC225B2E2D00771C93 /* UserRepository.swift in Sources */,
				CE7D96F4243F05D500597555 /* Token+Request.swift in Sources */,
				CEB3269E24AB39C700B654B6 /* LocalStoreRealm.swift in Sources */,
				CE7D96FB243F05DC00597555 /* MainSessionManager.swift in Sources */,
				CE7D96FA243F05DC00597555 /* ServiceLocator.swift in Sources */,
				CE32C0F0225B2D1A00771C93 /* User+Request.swift in Sources */,
				CE7D96F2243F05D100597555 /* ViewController.swift in Sources */,
				CE32C0ED225B2CFD00771C93 /* User.swift in Sources */,
				CE7D96F9243F05DC00597555 /* MainRequestBuilder.swift in Sources */,
				607FACEC1AFB9204008FA782 /* Tests.swift in Sources */,
				CEB3269D24AB39C700B654B6 /* ObjectMapper+Realm.swift in Sources */,
				CE7D96F3243F05D500597555 /* Token.swift in Sources */,
				CE90E194243F55F000E4446F /* Image+Request.swift in Sources */,
				CE7D96F5243F05D500597555 /* TokenRepository.swift in Sources */,
				CE90E193243F55D100E4446F /* ImageRepository.swift in Sources */,
			);
			runOnlyForDeploymentPostprocessing = 0;
		};
/* End PBXSourcesBuildPhase section */

/* Begin PBXTargetDependency section */
		607FACE71AFB9204008FA782 /* PBXTargetDependency */ = {
			isa = PBXTargetDependency;
			target = 607FACCF1AFB9204008FA782 /* Repository_Example */;
			targetProxy = 607FACE61AFB9204008FA782 /* PBXContainerItemProxy */;
		};
/* End PBXTargetDependency section */

/* Begin PBXVariantGroup section */
		607FACD91AFB9204008FA782 /* Main.storyboard */ = {
			isa = PBXVariantGroup;
			children = (
				607FACDA1AFB9204008FA782 /* Base */,
			);
			name = Main.storyboard;
			sourceTree = "<group>";
		};
		607FACDE1AFB9204008FA782 /* LaunchScreen.xib */ = {
			isa = PBXVariantGroup;
			children = (
				607FACDF1AFB9204008FA782 /* Base */,
			);
			name = LaunchScreen.xib;
			sourceTree = "<group>";
		};
/* End PBXVariantGroup section */

/* Begin XCBuildConfiguration section */
		607FACED1AFB9204008FA782 /* Debug */ = {
			isa = XCBuildConfiguration;
			buildSettings = {
				ALWAYS_SEARCH_USER_PATHS = NO;
				CLANG_ANALYZER_LOCALIZABILITY_NONLOCALIZED = YES;
				CLANG_CXX_LANGUAGE_STANDARD = "gnu++0x";
				CLANG_CXX_LIBRARY = "libc++";
				CLANG_ENABLE_MODULES = YES;
				CLANG_ENABLE_OBJC_ARC = YES;
				CLANG_WARN_BLOCK_CAPTURE_AUTORELEASING = YES;
				CLANG_WARN_BOOL_CONVERSION = YES;
				CLANG_WARN_COMMA = YES;
				CLANG_WARN_CONSTANT_CONVERSION = YES;
				CLANG_WARN_DEPRECATED_OBJC_IMPLEMENTATIONS = YES;
				CLANG_WARN_DIRECT_OBJC_ISA_USAGE = YES_ERROR;
				CLANG_WARN_EMPTY_BODY = YES;
				CLANG_WARN_ENUM_CONVERSION = YES;
				CLANG_WARN_INFINITE_RECURSION = YES;
				CLANG_WARN_INT_CONVERSION = YES;
				CLANG_WARN_NON_LITERAL_NULL_CONVERSION = YES;
				CLANG_WARN_OBJC_IMPLICIT_RETAIN_SELF = YES;
				CLANG_WARN_OBJC_LITERAL_CONVERSION = YES;
				CLANG_WARN_OBJC_ROOT_CLASS = YES_ERROR;
				CLANG_WARN_RANGE_LOOP_ANALYSIS = YES;
				CLANG_WARN_STRICT_PROTOTYPES = YES;
				CLANG_WARN_SUSPICIOUS_MOVE = YES;
				CLANG_WARN_UNREACHABLE_CODE = YES;
				CLANG_WARN__DUPLICATE_METHOD_MATCH = YES;
				"CODE_SIGN_IDENTITY[sdk=iphoneos*]" = "iPhone Developer";
				COPY_PHASE_STRIP = NO;
				DEBUG_INFORMATION_FORMAT = "dwarf-with-dsym";
				ENABLE_STRICT_OBJC_MSGSEND = YES;
				ENABLE_TESTABILITY = YES;
				GCC_C_LANGUAGE_STANDARD = gnu99;
				GCC_DYNAMIC_NO_PIC = NO;
				GCC_NO_COMMON_BLOCKS = YES;
				GCC_OPTIMIZATION_LEVEL = 0;
				GCC_PREPROCESSOR_DEFINITIONS = (
					"DEBUG=1",
					"$(inherited)",
				);
				GCC_SYMBOLS_PRIVATE_EXTERN = NO;
				GCC_WARN_64_TO_32_BIT_CONVERSION = YES;
				GCC_WARN_ABOUT_RETURN_TYPE = YES_ERROR;
				GCC_WARN_UNDECLARED_SELECTOR = YES;
				GCC_WARN_UNINITIALIZED_AUTOS = YES_AGGRESSIVE;
				GCC_WARN_UNUSED_FUNCTION = YES;
				GCC_WARN_UNUSED_VARIABLE = YES;
				IPHONEOS_DEPLOYMENT_TARGET = 11.0;
				MTL_ENABLE_DEBUG_INFO = YES;
				ONLY_ACTIVE_ARCH = YES;
				SDKROOT = iphoneos;
				SWIFT_OPTIMIZATION_LEVEL = "-Onone";
			};
			name = Debug;
		};
		607FACEE1AFB9204008FA782 /* Release */ = {
			isa = XCBuildConfiguration;
			buildSettings = {
				ALWAYS_SEARCH_USER_PATHS = NO;
				CLANG_ANALYZER_LOCALIZABILITY_NONLOCALIZED = YES;
				CLANG_CXX_LANGUAGE_STANDARD = "gnu++0x";
				CLANG_CXX_LIBRARY = "libc++";
				CLANG_ENABLE_MODULES = YES;
				CLANG_ENABLE_OBJC_ARC = YES;
				CLANG_WARN_BLOCK_CAPTURE_AUTORELEASING = YES;
				CLANG_WARN_BOOL_CONVERSION = YES;
				CLANG_WARN_COMMA = YES;
				CLANG_WARN_CONSTANT_CONVERSION = YES;
				CLANG_WARN_DEPRECATED_OBJC_IMPLEMENTATIONS = YES;
				CLANG_WARN_DIRECT_OBJC_ISA_USAGE = YES_ERROR;
				CLANG_WARN_EMPTY_BODY = YES;
				CLANG_WARN_ENUM_CONVERSION = YES;
				CLANG_WARN_INFINITE_RECURSION = YES;
				CLANG_WARN_INT_CONVERSION = YES;
				CLANG_WARN_NON_LITERAL_NULL_CONVERSION = YES;
				CLANG_WARN_OBJC_IMPLICIT_RETAIN_SELF = YES;
				CLANG_WARN_OBJC_LITERAL_CONVERSION = YES;
				CLANG_WARN_OBJC_ROOT_CLASS = YES_ERROR;
				CLANG_WARN_RANGE_LOOP_ANALYSIS = YES;
				CLANG_WARN_STRICT_PROTOTYPES = YES;
				CLANG_WARN_SUSPICIOUS_MOVE = YES;
				CLANG_WARN_UNREACHABLE_CODE = YES;
				CLANG_WARN__DUPLICATE_METHOD_MATCH = YES;
				"CODE_SIGN_IDENTITY[sdk=iphoneos*]" = "iPhone Developer";
				COPY_PHASE_STRIP = NO;
				DEBUG_INFORMATION_FORMAT = "dwarf-with-dsym";
				ENABLE_NS_ASSERTIONS = NO;
				ENABLE_STRICT_OBJC_MSGSEND = YES;
				GCC_C_LANGUAGE_STANDARD = gnu99;
				GCC_NO_COMMON_BLOCKS = YES;
				GCC_WARN_64_TO_32_BIT_CONVERSION = YES;
				GCC_WARN_ABOUT_RETURN_TYPE = YES_ERROR;
				GCC_WARN_UNDECLARED_SELECTOR = YES;
				GCC_WARN_UNINITIALIZED_AUTOS = YES_AGGRESSIVE;
				GCC_WARN_UNUSED_FUNCTION = YES;
				GCC_WARN_UNUSED_VARIABLE = YES;
				IPHONEOS_DEPLOYMENT_TARGET = 11.0;
				MTL_ENABLE_DEBUG_INFO = NO;
				SDKROOT = iphoneos;
				SWIFT_OPTIMIZATION_LEVEL = "-Owholemodule";
				VALIDATE_PRODUCT = YES;
			};
			name = Release;
		};
		607FACF01AFB9204008FA782 /* Debug */ = {
			isa = XCBuildConfiguration;
			baseConfigurationReference = 4058BD68E0378AEE1992C69C /* Pods-Repository_Example.debug.xcconfig */;
			buildSettings = {
				ASSETCATALOG_COMPILER_APPICON_NAME = AppIcon;
				INFOPLIST_FILE = Repository/Info.plist;
				IPHONEOS_DEPLOYMENT_TARGET = 11.0;
				LD_RUNPATH_SEARCH_PATHS = "$(inherited) @executable_path/Frameworks";
				LIBRARY_SEARCH_PATHS = (
					"$(inherited)",
					"$(PROJECT_DIR)/Pods/Realm/core",
				);
				MODULE_NAME = ExampleApp;
				PRODUCT_BUNDLE_IDENTIFIER = "org.cocoapods.demo.$(PRODUCT_NAME:rfc1034identifier)";
				PRODUCT_NAME = "$(TARGET_NAME)";
				SWIFT_VERSION = 5.0;
			};
			name = Debug;
		};
		607FACF11AFB9204008FA782 /* Release */ = {
			isa = XCBuildConfiguration;
			baseConfigurationReference = DFBCF955F948302FF074A379 /* Pods-Repository_Example.release.xcconfig */;
			buildSettings = {
				ASSETCATALOG_COMPILER_APPICON_NAME = AppIcon;
				INFOPLIST_FILE = Repository/Info.plist;
				IPHONEOS_DEPLOYMENT_TARGET = 11.0;
				LD_RUNPATH_SEARCH_PATHS = "$(inherited) @executable_path/Frameworks";
				LIBRARY_SEARCH_PATHS = (
					"$(inherited)",
					"$(PROJECT_DIR)/Pods/Realm/core",
				);
				MODULE_NAME = ExampleApp;
				PRODUCT_BUNDLE_IDENTIFIER = "org.cocoapods.demo.$(PRODUCT_NAME:rfc1034identifier)";
				PRODUCT_NAME = "$(TARGET_NAME)";
				SWIFT_VERSION = 5.0;
			};
			name = Release;
		};
		607FACF31AFB9204008FA782 /* Debug */ = {
			isa = XCBuildConfiguration;
			baseConfigurationReference = 72DE076C90025B9C44245A92 /* Pods-Repository_Tests.debug.xcconfig */;
			buildSettings = {
				FRAMEWORK_SEARCH_PATHS = (
					"$(SDKROOT)/Developer/Library/Frameworks",
					"$(inherited)",
				);
				GCC_PREPROCESSOR_DEFINITIONS = (
					"DEBUG=1",
					"$(inherited)",
				);
				INFOPLIST_FILE = Tests/Info.plist;
				LD_RUNPATH_SEARCH_PATHS = "$(inherited) @executable_path/Frameworks @loader_path/Frameworks";
				PRODUCT_BUNDLE_IDENTIFIER = "org.cocoapods.$(PRODUCT_NAME:rfc1034identifier)";
				PRODUCT_NAME = "$(TARGET_NAME)";
				SWIFT_VERSION = 5.0;
				TEST_HOST = "$(BUILT_PRODUCTS_DIR)/Repository_Example.app/Repository_Example";
			};
			name = Debug;
		};
		607FACF41AFB9204008FA782 /* Release */ = {
			isa = XCBuildConfiguration;
			baseConfigurationReference = D656C755FA24150895250225 /* Pods-Repository_Tests.release.xcconfig */;
			buildSettings = {
				FRAMEWORK_SEARCH_PATHS = (
					"$(SDKROOT)/Developer/Library/Frameworks",
					"$(inherited)",
				);
				INFOPLIST_FILE = Tests/Info.plist;
				LD_RUNPATH_SEARCH_PATHS = "$(inherited) @executable_path/Frameworks @loader_path/Frameworks";
				PRODUCT_BUNDLE_IDENTIFIER = "org.cocoapods.$(PRODUCT_NAME:rfc1034identifier)";
				PRODUCT_NAME = "$(TARGET_NAME)";
				SWIFT_VERSION = 5.0;
				TEST_HOST = "$(BUILT_PRODUCTS_DIR)/Repository_Example.app/Repository_Example";
			};
			name = Release;
		};
/* End XCBuildConfiguration section */

/* Begin XCConfigurationList section */
		607FACCB1AFB9204008FA782 /* Build configuration list for PBXProject "Repository" */ = {
			isa = XCConfigurationList;
			buildConfigurations = (
				607FACED1AFB9204008FA782 /* Debug */,
				607FACEE1AFB9204008FA782 /* Release */,
			);
			defaultConfigurationIsVisible = 0;
			defaultConfigurationName = Release;
		};
		607FACEF1AFB9204008FA782 /* Build configuration list for PBXNativeTarget "Repository_Example" */ = {
			isa = XCConfigurationList;
			buildConfigurations = (
				607FACF01AFB9204008FA782 /* Debug */,
				607FACF11AFB9204008FA782 /* Release */,
			);
			defaultConfigurationIsVisible = 0;
			defaultConfigurationName = Release;
		};
		607FACF21AFB9204008FA782 /* Build configuration list for PBXNativeTarget "Repository_Tests" */ = {
			isa = XCConfigurationList;
			buildConfigurations = (
				607FACF31AFB9204008FA782 /* Debug */,
				607FACF41AFB9204008FA782 /* Release */,
			);
			defaultConfigurationIsVisible = 0;
			defaultConfigurationName = Release;
		};
/* End XCConfigurationList section */
	};
	rootObject = 607FACC81AFB9204008FA782 /* Project object */;
}
