// !$*UTF8*$!
{
	archiveVersion = 1;
	classes = {
	};
	objectVersion = 46;
	objects = {

/* Begin PBXBuildFile section */
		607FACD61AFB9204008FA782 /* AppDelegate.swift in Sources */ = {isa = PBXBuildFile; fileRef = 607FACD51AFB9204008FA782 /* AppDelegate.swift */; };
		607FACD81AFB9204008FA782 /* ViewController.swift in Sources */ = {isa = PBXBuildFile; fileRef = 607FACD71AFB9204008FA782 /* ViewController.swift */; };
		607FACDB1AFB9204008FA782 /* Main.storyboard in Resources */ = {isa = PBXBuildFile; fileRef = 607FACD91AFB9204008FA782 /* Main.storyboard */; };
		607FACDD1AFB9204008FA782 /* Images.xcassets in Resources */ = {isa = PBXBuildFile; fileRef = 607FACDC1AFB9204008FA782 /* Images.xcassets */; };
		607FACE01AFB9204008FA782 /* LaunchScreen.xib in Resources */ = {isa = PBXBuildFile; fileRef = 607FACDE1AFB9204008FA782 /* LaunchScreen.xib */; };
		8F3787C9878CD03BABA61C6D /* Pods_RepositoryExample.framework in Frameworks */ = {isa = PBXBuildFile; fileRef = 1FD53DB2D80E580AC96323A6 /* Pods_RepositoryExample.framework */; };
		C05321582450348F00C64B46 /* CampaignInteractor.swift in Sources */ = {isa = PBXBuildFile; fileRef = C05321572450348F00C64B46 /* CampaignInteractor.swift */; };
		C053215A24518A9B00C64B46 /* ActionSessionRepository.swift in Sources */ = {isa = PBXBuildFile; fileRef = C053215924518A9B00C64B46 /* ActionSessionRepository.swift */; };
		C053215D24518AEB00C64B46 /* CardToken.swift in Sources */ = {isa = PBXBuildFile; fileRef = C053215C24518AEB00C64B46 /* CardToken.swift */; };
		C053215F24518B3B00C64B46 /* CardSessionManager.swift in Sources */ = {isa = PBXBuildFile; fileRef = C053215E24518B3B00C64B46 /* CardSessionManager.swift */; };
		C07416D52452BEE5007F0759 /* CampaignRepository.swift in Sources */ = {isa = PBXBuildFile; fileRef = C07416D42452BEE5007F0759 /* CampaignRepository.swift */; };
		C07416D72452BF07007F0759 /* Cmapaign.swift in Sources */ = {isa = PBXBuildFile; fileRef = C07416D62452BF07007F0759 /* Cmapaign.swift */; };
		C07416D92452C6A3007F0759 /* Connectivity.swift in Sources */ = {isa = PBXBuildFile; fileRef = C07416D82452C6A3007F0759 /* Connectivity.swift */; };
		C07416DB2452C7FF007F0759 /* ThemeRepository.swift in Sources */ = {isa = PBXBuildFile; fileRef = C07416DA2452C7FF007F0759 /* ThemeRepository.swift */; };
		C07416EB2452E677007F0759 /* RepositoryExampleTests.swift in Sources */ = {isa = PBXBuildFile; fileRef = C07416EA2452E677007F0759 /* RepositoryExampleTests.swift */; };
		C07416F22452E696007F0759 /* CampaignInteractorTests.swift in Sources */ = {isa = PBXBuildFile; fileRef = C07416DE2452CDAC007F0759 /* CampaignInteractorTests.swift */; };
		C07416F32452E699007F0759 /* MockActionSessionRepository.swift in Sources */ = {isa = PBXBuildFile; fileRef = C07416E12452CF95007F0759 /* MockActionSessionRepository.swift */; };
		C07416F62452EDC3007F0759 /* MockCampaignRepository.swift in Sources */ = {isa = PBXBuildFile; fileRef = C07416F42452E89B007F0759 /* MockCampaignRepository.swift */; };
		CE2EA5A2243D9A98005FE3FD /* TokenRepository.swift in Sources */ = {isa = PBXBuildFile; fileRef = CE2EA5A1243D9A98005FE3FD /* TokenRepository.swift */; };
		CE32C0EC225B2CFD00771C93 /* User.swift in Sources */ = {isa = PBXBuildFile; fileRef = CE32C0EB225B2CFD00771C93 /* User.swift */; };
		CE32C0EF225B2D1A00771C93 /* User+Request.swift in Sources */ = {isa = PBXBuildFile; fileRef = CE32C0EE225B2D1A00771C93 /* User+Request.swift */; };
		CE32C0F2225B2D3700771C93 /* MainRequestBuilder.swift in Sources */ = {isa = PBXBuildFile; fileRef = CE32C0F1225B2D3700771C93 /* MainRequestBuilder.swift */; };
		CE32C0F5225B2DDA00771C93 /* ServiceLocator.swift in Sources */ = {isa = PBXBuildFile; fileRef = CE32C0F4225B2DDA00771C93 /* ServiceLocator.swift */; };
		CE32C0FB225B2E2D00771C93 /* UserRepository.swift in Sources */ = {isa = PBXBuildFile; fileRef = CE32C0FA225B2E2D00771C93 /* UserRepository.swift */; };
		CE7D9704243F098B00597555 /* UserDefault.swift in Sources */ = {isa = PBXBuildFile; fileRef = CE7D9703243F098B00597555 /* UserDefault.swift */; };
		CE90E190243F551900E4446F /* ImageRepository.swift in Sources */ = {isa = PBXBuildFile; fileRef = CE90E18F243F551900E4446F /* ImageRepository.swift */; };
		CE90E192243F554D00E4446F /* Image+Request.swift in Sources */ = {isa = PBXBuildFile; fileRef = CE90E191243F554D00E4446F /* Image+Request.swift */; };
		CEE21B25243F0062001485E6 /* Keychaine+Store.swift in Sources */ = {isa = PBXBuildFile; fileRef = CEE21B24243F0062001485E6 /* Keychaine+Store.swift */; };
		CEE21B28243F01AC001485E6 /* Token.swift in Sources */ = {isa = PBXBuildFile; fileRef = CEE21B27243F01AC001485E6 /* Token.swift */; };
		CEE21B2A243F01BB001485E6 /* Token+Request.swift in Sources */ = {isa = PBXBuildFile; fileRef = CEE21B29243F01BB001485E6 /* Token+Request.swift */; };
		CEE4563523CC66A600C55556 /* MainSessionManager.swift in Sources */ = {isa = PBXBuildFile; fileRef = CEE4563323CC66A600C55556 /* MainSessionManager.swift */; };
		CEF8D20322671206005FF0C3 /* SwiftRepository.podspec in Resources */ = {isa = PBXBuildFile; fileRef = CEF8D20222671206005FF0C3 /* SwiftRepository.podspec */; };
		D300170ACB626E3D41B4543D /* Pods_RepositoryExampleTests.framework in Frameworks */ = {isa = PBXBuildFile; fileRef = 92E9D08E4CD4B149A84A6C6D /* Pods_RepositoryExampleTests.framework */; };
/* End PBXBuildFile section */

/* Begin PBXContainerItemProxy section */
		C07416ED2452E677007F0759 /* PBXContainerItemProxy */ = {
			isa = PBXContainerItemProxy;
			containerPortal = 607FACC81AFB9204008FA782 /* Project object */;
			proxyType = 1;
			remoteGlobalIDString = 607FACCF1AFB9204008FA782;
			remoteInfo = RepositoryExample;
		};
/* End PBXContainerItemProxy section */

/* Begin PBXFileReference section */
		1FD53DB2D80E580AC96323A6 /* Pods_RepositoryExample.framework */ = {isa = PBXFileReference; explicitFileType = wrapper.framework; includeInIndex = 0; path = Pods_RepositoryExample.framework; sourceTree = BUILT_PRODUCTS_DIR; };
		607FACD01AFB9204008FA782 /* RepositoryExample.app */ = {isa = PBXFileReference; explicitFileType = wrapper.application; includeInIndex = 0; path = RepositoryExample.app; sourceTree = BUILT_PRODUCTS_DIR; };
		607FACD41AFB9204008FA782 /* Info.plist */ = {isa = PBXFileReference; lastKnownFileType = text.plist.xml; path = Info.plist; sourceTree = "<group>"; };
		607FACD51AFB9204008FA782 /* AppDelegate.swift */ = {isa = PBXFileReference; lastKnownFileType = sourcecode.swift; path = AppDelegate.swift; sourceTree = "<group>"; };
		607FACD71AFB9204008FA782 /* ViewController.swift */ = {isa = PBXFileReference; lastKnownFileType = sourcecode.swift; path = ViewController.swift; sourceTree = "<group>"; };
		607FACDA1AFB9204008FA782 /* Base */ = {isa = PBXFileReference; lastKnownFileType = file.storyboard; name = Base; path = Base.lproj/Main.storyboard; sourceTree = "<group>"; };
		607FACDC1AFB9204008FA782 /* Images.xcassets */ = {isa = PBXFileReference; lastKnownFileType = folder.assetcatalog; path = Images.xcassets; sourceTree = "<group>"; };
		607FACDF1AFB9204008FA782 /* Base */ = {isa = PBXFileReference; lastKnownFileType = file.xib; name = Base; path = Base.lproj/LaunchScreen.xib; sourceTree = "<group>"; };
		607FACEA1AFB9204008FA782 /* Info.plist */ = {isa = PBXFileReference; lastKnownFileType = text.plist.xml; path = Info.plist; sourceTree = "<group>"; };
		7CA7FCEC17F033C9C8E23E1E /* Pods_RepositoryTests.framework */ = {isa = PBXFileReference; explicitFileType = wrapper.framework; includeInIndex = 0; path = Pods_RepositoryTests.framework; sourceTree = BUILT_PRODUCTS_DIR; };
		8FB6C3308C7D297119B8214C /* README.md */ = {isa = PBXFileReference; includeInIndex = 1; lastKnownFileType = net.daringfireball.markdown; name = README.md; path = ../README.md; sourceTree = "<group>"; };
		92E9D08E4CD4B149A84A6C6D /* Pods_RepositoryExampleTests.framework */ = {isa = PBXFileReference; explicitFileType = wrapper.framework; includeInIndex = 0; path = Pods_RepositoryExampleTests.framework; sourceTree = BUILT_PRODUCTS_DIR; };
		B360B1B8F9B6A54648800C34 /* Pods-RepositoryExampleTests.release.xcconfig */ = {isa = PBXFileReference; includeInIndex = 1; lastKnownFileType = text.xcconfig; name = "Pods-RepositoryExampleTests.release.xcconfig"; path = "Target Support Files/Pods-RepositoryExampleTests/Pods-RepositoryExampleTests.release.xcconfig"; sourceTree = "<group>"; };
		BACC75B54890D45A12B37323 /* Pods-RepositoryExample.release.xcconfig */ = {isa = PBXFileReference; includeInIndex = 1; lastKnownFileType = text.xcconfig; name = "Pods-RepositoryExample.release.xcconfig"; path = "Target Support Files/Pods-RepositoryExample/Pods-RepositoryExample.release.xcconfig"; sourceTree = "<group>"; };
		C05321572450348F00C64B46 /* CampaignInteractor.swift */ = {isa = PBXFileReference; lastKnownFileType = sourcecode.swift; path = CampaignInteractor.swift; sourceTree = "<group>"; };
		C053215924518A9B00C64B46 /* ActionSessionRepository.swift */ = {isa = PBXFileReference; lastKnownFileType = sourcecode.swift; path = ActionSessionRepository.swift; sourceTree = "<group>"; };
		C053215C24518AEB00C64B46 /* CardToken.swift */ = {isa = PBXFileReference; lastKnownFileType = sourcecode.swift; path = CardToken.swift; sourceTree = "<group>"; };
		C053215E24518B3B00C64B46 /* CardSessionManager.swift */ = {isa = PBXFileReference; lastKnownFileType = sourcecode.swift; path = CardSessionManager.swift; sourceTree = "<group>"; };
		C07416D42452BEE5007F0759 /* CampaignRepository.swift */ = {isa = PBXFileReference; lastKnownFileType = sourcecode.swift; path = CampaignRepository.swift; sourceTree = "<group>"; };
		C07416D62452BF07007F0759 /* Cmapaign.swift */ = {isa = PBXFileReference; lastKnownFileType = sourcecode.swift; path = Cmapaign.swift; sourceTree = "<group>"; };
		C07416D82452C6A3007F0759 /* Connectivity.swift */ = {isa = PBXFileReference; lastKnownFileType = sourcecode.swift; path = Connectivity.swift; sourceTree = "<group>"; };
		C07416DA2452C7FF007F0759 /* ThemeRepository.swift */ = {isa = PBXFileReference; lastKnownFileType = sourcecode.swift; path = ThemeRepository.swift; sourceTree = "<group>"; };
		C07416DE2452CDAC007F0759 /* CampaignInteractorTests.swift */ = {isa = PBXFileReference; lastKnownFileType = sourcecode.swift; path = CampaignInteractorTests.swift; sourceTree = "<group>"; };
		C07416E12452CF95007F0759 /* MockActionSessionRepository.swift */ = {isa = PBXFileReference; lastKnownFileType = sourcecode.swift; path = MockActionSessionRepository.swift; sourceTree = "<group>"; };
		C07416E82452E677007F0759 /* RepositoryExampleTests.xctest */ = {isa = PBXFileReference; explicitFileType = wrapper.cfbundle; includeInIndex = 0; path = RepositoryExampleTests.xctest; sourceTree = BUILT_PRODUCTS_DIR; };
		C07416EA2452E677007F0759 /* RepositoryExampleTests.swift */ = {isa = PBXFileReference; lastKnownFileType = sourcecode.swift; path = RepositoryExampleTests.swift; sourceTree = "<group>"; };
		C07416EC2452E677007F0759 /* Info.plist */ = {isa = PBXFileReference; lastKnownFileType = text.plist.xml; path = Info.plist; sourceTree = "<group>"; };
		C07416F42452E89B007F0759 /* MockCampaignRepository.swift */ = {isa = PBXFileReference; lastKnownFileType = sourcecode.swift; path = MockCampaignRepository.swift; sourceTree = "<group>"; };
		C555A0249AF9EE9BE6A2E48C /* Pods-RepositoryExampleTests.debug.xcconfig */ = {isa = PBXFileReference; includeInIndex = 1; lastKnownFileType = text.xcconfig; name = "Pods-RepositoryExampleTests.debug.xcconfig"; path = "Target Support Files/Pods-RepositoryExampleTests/Pods-RepositoryExampleTests.debug.xcconfig"; sourceTree = "<group>"; };
		C5B47578E681944CA0A9496C /* LICENSE */ = {isa = PBXFileReference; includeInIndex = 1; lastKnownFileType = text; name = LICENSE; path = ../LICENSE; sourceTree = "<group>"; };
		C6874801A39BBCD214B62831 /* Pods-RepositoryTests.release.xcconfig */ = {isa = PBXFileReference; includeInIndex = 1; lastKnownFileType = text.xcconfig; name = "Pods-RepositoryTests.release.xcconfig"; path = "Target Support Files/Pods-RepositoryTests/Pods-RepositoryTests.release.xcconfig"; sourceTree = "<group>"; };
		CE2EA5A1243D9A98005FE3FD /* TokenRepository.swift */ = {isa = PBXFileReference; lastKnownFileType = sourcecode.swift; path = TokenRepository.swift; sourceTree = "<group>"; };
		CE32C0EB225B2CFD00771C93 /* User.swift */ = {isa = PBXFileReference; lastKnownFileType = sourcecode.swift; path = User.swift; sourceTree = "<group>"; };
		CE32C0EE225B2D1A00771C93 /* User+Request.swift */ = {isa = PBXFileReference; lastKnownFileType = sourcecode.swift; path = "User+Request.swift"; sourceTree = "<group>"; };
		CE32C0F1225B2D3700771C93 /* MainRequestBuilder.swift */ = {isa = PBXFileReference; lastKnownFileType = sourcecode.swift; path = MainRequestBuilder.swift; sourceTree = "<group>"; };
		CE32C0F4225B2DDA00771C93 /* ServiceLocator.swift */ = {isa = PBXFileReference; lastKnownFileType = sourcecode.swift; path = ServiceLocator.swift; sourceTree = "<group>"; };
		CE32C0FA225B2E2D00771C93 /* UserRepository.swift */ = {isa = PBXFileReference; lastKnownFileType = sourcecode.swift; path = UserRepository.swift; sourceTree = "<group>"; };
		CE7D9703243F098B00597555 /* UserDefault.swift */ = {isa = PBXFileReference; lastKnownFileType = sourcecode.swift; path = UserDefault.swift; sourceTree = "<group>"; };
		CE90E18F243F551900E4446F /* ImageRepository.swift */ = {isa = PBXFileReference; lastKnownFileType = sourcecode.swift; path = ImageRepository.swift; sourceTree = "<group>"; };
		CE90E191243F554D00E4446F /* Image+Request.swift */ = {isa = PBXFileReference; lastKnownFileType = sourcecode.swift; path = "Image+Request.swift"; sourceTree = "<group>"; };
		CEE21B24243F0062001485E6 /* Keychaine+Store.swift */ = {isa = PBXFileReference; lastKnownFileType = sourcecode.swift; path = "Keychaine+Store.swift"; sourceTree = "<group>"; };
		CEE21B27243F01AC001485E6 /* Token.swift */ = {isa = PBXFileReference; lastKnownFileType = sourcecode.swift; path = Token.swift; sourceTree = "<group>"; };
		CEE21B29243F01BB001485E6 /* Token+Request.swift */ = {isa = PBXFileReference; lastKnownFileType = sourcecode.swift; path = "Token+Request.swift"; sourceTree = "<group>"; };
		CEE4563323CC66A600C55556 /* MainSessionManager.swift */ = {isa = PBXFileReference; fileEncoding = 4; lastKnownFileType = sourcecode.swift; path = MainSessionManager.swift; sourceTree = "<group>"; };
		CEF8D20222671206005FF0C3 /* SwiftRepository.podspec */ = {isa = PBXFileReference; fileEncoding = 4; lastKnownFileType = text; name = SwiftRepository.podspec; path = ../SwiftRepository.podspec; sourceTree = "<group>"; xcLanguageSpecificationIdentifier = xcode.lang.ruby; };
		EB58A924433A42E6D1B2C489 /* Pods-RepositoryExample.debug.xcconfig */ = {isa = PBXFileReference; includeInIndex = 1; lastKnownFileType = text.xcconfig; name = "Pods-RepositoryExample.debug.xcconfig"; path = "Target Support Files/Pods-RepositoryExample/Pods-RepositoryExample.debug.xcconfig"; sourceTree = "<group>"; };
		FC9593390262DF99BFE3B298 /* Pods-RepositoryTests.debug.xcconfig */ = {isa = PBXFileReference; includeInIndex = 1; lastKnownFileType = text.xcconfig; name = "Pods-RepositoryTests.debug.xcconfig"; path = "Target Support Files/Pods-RepositoryTests/Pods-RepositoryTests.debug.xcconfig"; sourceTree = "<group>"; };
/* End PBXFileReference section */

/* Begin PBXFrameworksBuildPhase section */
		607FACCD1AFB9204008FA782 /* Frameworks */ = {
			isa = PBXFrameworksBuildPhase;
			buildActionMask = 2147483647;
			files = (
				8F3787C9878CD03BABA61C6D /* Pods_RepositoryExample.framework in Frameworks */,
			);
			runOnlyForDeploymentPostprocessing = 0;
		};
		C07416E52452E677007F0759 /* Frameworks */ = {
			isa = PBXFrameworksBuildPhase;
			buildActionMask = 2147483647;
			files = (
				D300170ACB626E3D41B4543D /* Pods_RepositoryExampleTests.framework in Frameworks */,
			);
			runOnlyForDeploymentPostprocessing = 0;
		};
/* End PBXFrameworksBuildPhase section */

/* Begin PBXGroup section */
		607FACC71AFB9204008FA782 = {
			isa = PBXGroup;
			children = (
				607FACF51AFB993E008FA782 /* Podspec Metadata */,
				607FACD21AFB9204008FA782 /* Example for Repository */,
				607FACE81AFB9204008FA782 /* Tests */,
				C07416E92452E677007F0759 /* RepositoryExampleTests */,
				607FACD11AFB9204008FA782 /* Products */,
				7139BBBB3F4C9DF6FF0E2BAF /* Pods */,
				B22106C0F11DD2E72BB5B511 /* Frameworks */,
			);
			sourceTree = "<group>";
		};
		607FACD11AFB9204008FA782 /* Products */ = {
			isa = PBXGroup;
			children = (
				607FACD01AFB9204008FA782 /* RepositoryExample.app */,
				C07416E82452E677007F0759 /* RepositoryExampleTests.xctest */,
			);
			name = Products;
			sourceTree = "<group>";
		};
		607FACD21AFB9204008FA782 /* Example for Repository */ = {
			isa = PBXGroup;
			children = (
				607FACD51AFB9204008FA782 /* AppDelegate.swift */,
				607FACD71AFB9204008FA782 /* ViewController.swift */,
				C053215B24518AD600C64B46 /* Model */,
				C05321562450344700C64B46 /* Interactor */,
				CEE21B26243F0083001485E6 /* Repository */,
				CEE4563223CC66A600C55556 /* Utils */,
				607FACD91AFB9204008FA782 /* Main.storyboard */,
				607FACDC1AFB9204008FA782 /* Images.xcassets */,
				607FACDE1AFB9204008FA782 /* LaunchScreen.xib */,
				607FACD31AFB9204008FA782 /* Supporting Files */,
			);
			name = "Example for Repository";
			path = Repository;
			sourceTree = "<group>";
		};
		607FACD31AFB9204008FA782 /* Supporting Files */ = {
			isa = PBXGroup;
			children = (
				607FACD41AFB9204008FA782 /* Info.plist */,
			);
			name = "Supporting Files";
			sourceTree = "<group>";
		};
		607FACE81AFB9204008FA782 /* Tests */ = {
			isa = PBXGroup;
			children = (
				C07416DD2452CCF7007F0759 /* Interactors */,
				C07416DC2452CCEA007F0759 /* Mocks */,
				607FACE91AFB9204008FA782 /* Supporting Files */,
			);
			path = Tests;
			sourceTree = "<group>";
		};
		607FACE91AFB9204008FA782 /* Supporting Files */ = {
			isa = PBXGroup;
			children = (
				607FACEA1AFB9204008FA782 /* Info.plist */,
			);
			name = "Supporting Files";
			sourceTree = "<group>";
		};
		607FACF51AFB993E008FA782 /* Podspec Metadata */ = {
			isa = PBXGroup;
			children = (
				CEF8D20222671206005FF0C3 /* SwiftRepository.podspec */,
				8FB6C3308C7D297119B8214C /* README.md */,
				C5B47578E681944CA0A9496C /* LICENSE */,
			);
			name = "Podspec Metadata";
			sourceTree = "<group>";
		};
		7139BBBB3F4C9DF6FF0E2BAF /* Pods */ = {
			isa = PBXGroup;
			children = (
				EB58A924433A42E6D1B2C489 /* Pods-RepositoryExample.debug.xcconfig */,
				BACC75B54890D45A12B37323 /* Pods-RepositoryExample.release.xcconfig */,
				FC9593390262DF99BFE3B298 /* Pods-RepositoryTests.debug.xcconfig */,
				C6874801A39BBCD214B62831 /* Pods-RepositoryTests.release.xcconfig */,
				C555A0249AF9EE9BE6A2E48C /* Pods-RepositoryExampleTests.debug.xcconfig */,
				B360B1B8F9B6A54648800C34 /* Pods-RepositoryExampleTests.release.xcconfig */,
			);
			path = Pods;
			sourceTree = "<group>";
		};
		B22106C0F11DD2E72BB5B511 /* Frameworks */ = {
			isa = PBXGroup;
			children = (
				1FD53DB2D80E580AC96323A6 /* Pods_RepositoryExample.framework */,
				7CA7FCEC17F033C9C8E23E1E /* Pods_RepositoryTests.framework */,
				92E9D08E4CD4B149A84A6C6D /* Pods_RepositoryExampleTests.framework */,
			);
			name = Frameworks;
			sourceTree = "<group>";
		};
		C05321562450344700C64B46 /* Interactor */ = {
			isa = PBXGroup;
			children = (
				C05321572450348F00C64B46 /* CampaignInteractor.swift */,
			);
			path = Interactor;
			sourceTree = "<group>";
		};
		C053215B24518AD600C64B46 /* Model */ = {
			isa = PBXGroup;
			children = (
				C053215C24518AEB00C64B46 /* CardToken.swift */,
				C07416D62452BF07007F0759 /* Cmapaign.swift */,
			);
			path = Model;
			sourceTree = "<group>";
		};
		C07416DC2452CCEA007F0759 /* Mocks */ = {
			isa = PBXGroup;
			children = (
				C07416E12452CF95007F0759 /* MockActionSessionRepository.swift */,
				C07416F42452E89B007F0759 /* MockCampaignRepository.swift */,
			);
			name = Mocks;
			sourceTree = "<group>";
		};
		C07416DD2452CCF7007F0759 /* Interactors */ = {
			isa = PBXGroup;
			children = (
				C07416DE2452CDAC007F0759 /* CampaignInteractorTests.swift */,
			);
			name = Interactors;
			sourceTree = "<group>";
		};
		C07416E92452E677007F0759 /* RepositoryExampleTests */ = {
			isa = PBXGroup;
			children = (
				C07416EA2452E677007F0759 /* RepositoryExampleTests.swift */,
				C07416EC2452E677007F0759 /* Info.plist */,
			);
			path = RepositoryExampleTests;
			sourceTree = "<group>";
		};
		CEE21B26243F0083001485E6 /* Repository */ = {
			isa = PBXGroup;
			children = (
				CE32C0EB225B2CFD00771C93 /* User.swift */,
				CE32C0EE225B2D1A00771C93 /* User+Request.swift */,
				CEE21B27243F01AC001485E6 /* Token.swift */,
				CEE21B29243F01BB001485E6 /* Token+Request.swift */,
				CE90E191243F554D00E4446F /* Image+Request.swift */,
				CE32C0FA225B2E2D00771C93 /* UserRepository.swift */,
				CE2EA5A1243D9A98005FE3FD /* TokenRepository.swift */,
				CE90E18F243F551900E4446F /* ImageRepository.swift */,
				C053215924518A9B00C64B46 /* ActionSessionRepository.swift */,
				C07416D42452BEE5007F0759 /* CampaignRepository.swift */,
				C07416DA2452C7FF007F0759 /* ThemeRepository.swift */,
			);
			path = Repository;
			sourceTree = "<group>";
		};
		CEE4563223CC66A600C55556 /* Utils */ = {
			isa = PBXGroup;
			children = (
				CE32C0F1225B2D3700771C93 /* MainRequestBuilder.swift */,
				CE32C0F4225B2DDA00771C93 /* ServiceLocator.swift */,
				CEE4563323CC66A600C55556 /* MainSessionManager.swift */,
				CEE21B24243F0062001485E6 /* Keychaine+Store.swift */,
				CE7D9703243F098B00597555 /* UserDefault.swift */,
				C053215E24518B3B00C64B46 /* CardSessionManager.swift */,
				C07416D82452C6A3007F0759 /* Connectivity.swift */,
			);
			path = Utils;
			sourceTree = "<group>";
		};
/* End PBXGroup section */

/* Begin PBXNativeTarget section */
		607FACCF1AFB9204008FA782 /* RepositoryExample */ = {
			isa = PBXNativeTarget;
			buildConfigurationList = 607FACEF1AFB9204008FA782 /* Build configuration list for PBXNativeTarget "RepositoryExample" */;
			buildPhases = (
				BF99B559ED8AF4ACA59ECB61 /* [CP] Check Pods Manifest.lock */,
				607FACCC1AFB9204008FA782 /* Sources */,
				607FACCD1AFB9204008FA782 /* Frameworks */,
				607FACCE1AFB9204008FA782 /* Resources */,
				35A2FB2A728DEC7349742983 /* [CP] Embed Pods Frameworks */,
			);
			buildRules = (
			);
			dependencies = (
			);
			name = RepositoryExample;
			productName = Repository;
			productReference = 607FACD01AFB9204008FA782 /* RepositoryExample.app */;
			productType = "com.apple.product-type.application";
		};
		C07416E72452E677007F0759 /* RepositoryExampleTests */ = {
			isa = PBXNativeTarget;
			buildConfigurationList = C07416EF2452E677007F0759 /* Build configuration list for PBXNativeTarget "RepositoryExampleTests" */;
			buildPhases = (
				B53BDEE392CF9736E64400CF /* [CP] Check Pods Manifest.lock */,
				C07416E42452E677007F0759 /* Sources */,
				C07416E52452E677007F0759 /* Frameworks */,
				C07416E62452E677007F0759 /* Resources */,
				E4F21433C2BBEC959FC44478 /* [CP] Embed Pods Frameworks */,
			);
			buildRules = (
			);
			dependencies = (
				C07416EE2452E677007F0759 /* PBXTargetDependency */,
			);
			name = RepositoryExampleTests;
			productName = RepositoryExampleTests;
			productReference = C07416E82452E677007F0759 /* RepositoryExampleTests.xctest */;
			productType = "com.apple.product-type.bundle.unit-test";
		};
/* End PBXNativeTarget section */

/* Begin PBXProject section */
		607FACC81AFB9204008FA782 /* Project object */ = {
			isa = PBXProject;
			attributes = {
				LastSwiftUpdateCheck = 1140;
				LastUpgradeCheck = 1020;
				ORGANIZATIONNAME = CocoaPods;
				TargetAttributes = {
					607FACCF1AFB9204008FA782 = {
						CreatedOnToolsVersion = 6.3.1;
						LastSwiftMigration = 1020;
					};
					C07416E72452E677007F0759 = {
						CreatedOnToolsVersion = 11.4;
						DevelopmentTeam = DD28NK8TQ5;
						ProvisioningStyle = Automatic;
						TestTargetID = 607FACCF1AFB9204008FA782;
					};
				};
			};
			buildConfigurationList = 607FACCB1AFB9204008FA782 /* Build configuration list for PBXProject "Repository" */;
			compatibilityVersion = "Xcode 3.2";
			developmentRegion = en;
			hasScannedForEncodings = 0;
			knownRegions = (
				en,
				Base,
			);
			mainGroup = 607FACC71AFB9204008FA782;
			productRefGroup = 607FACD11AFB9204008FA782 /* Products */;
			projectDirPath = "";
			projectRoot = "";
			targets = (
				607FACCF1AFB9204008FA782 /* RepositoryExample */,
				C07416E72452E677007F0759 /* RepositoryExampleTests */,
			);
		};
/* End PBXProject section */

/* Begin PBXResourcesBuildPhase section */
		607FACCE1AFB9204008FA782 /* Resources */ = {
			isa = PBXResourcesBuildPhase;
			buildActionMask = 2147483647;
			files = (
				CEF8D20322671206005FF0C3 /* SwiftRepository.podspec in Resources */,
				607FACDB1AFB9204008FA782 /* Main.storyboard in Resources */,
				607FACE01AFB9204008FA782 /* LaunchScreen.xib in Resources */,
				607FACDD1AFB9204008FA782 /* Images.xcassets in Resources */,
			);
			runOnlyForDeploymentPostprocessing = 0;
		};
		C07416E62452E677007F0759 /* Resources */ = {
			isa = PBXResourcesBuildPhase;
			buildActionMask = 2147483647;
			files = (
			);
			runOnlyForDeploymentPostprocessing = 0;
		};
/* End PBXResourcesBuildPhase section */

/* Begin PBXShellScriptBuildPhase section */
		35A2FB2A728DEC7349742983 /* [CP] Embed Pods Frameworks */ = {
			isa = PBXShellScriptBuildPhase;
			buildActionMask = 2147483647;
			files = (
			);
			inputPaths = (
				"${PODS_ROOT}/Target Support Files/Pods-RepositoryExample/Pods-RepositoryExample-frameworks.sh",
				"${BUILT_PRODUCTS_DIR}/Alamofire/Alamofire.framework",
				"${BUILT_PRODUCTS_DIR}/AlamofireObjectMapper/AlamofireObjectMapper.framework",
				"${BUILT_PRODUCTS_DIR}/GoogleUtilities/GoogleUtilities.framework",
				"${BUILT_PRODUCTS_DIR}/KeychainSwift/KeychainSwift.framework",
				"${BUILT_PRODUCTS_DIR}/ObjectMapper/ObjectMapper.framework",
				"${BUILT_PRODUCTS_DIR}/PromiseKit/PromiseKit.framework",
				"${BUILT_PRODUCTS_DIR}/PromisesObjC/FBLPromises.framework",
				"${BUILT_PRODUCTS_DIR}/Protobuf/protobuf.framework",
				"${BUILT_PRODUCTS_DIR}/Realm/Realm.framework",
				"${BUILT_PRODUCTS_DIR}/RealmSwift/RealmSwift.framework",
				"${BUILT_PRODUCTS_DIR}/SwiftRepository/SwiftRepository.framework",
				"${BUILT_PRODUCTS_DIR}/nanopb/nanopb.framework",
			);
			name = "[CP] Embed Pods Frameworks";
			outputPaths = (
				"${TARGET_BUILD_DIR}/${FRAMEWORKS_FOLDER_PATH}/Alamofire.framework",
				"${TARGET_BUILD_DIR}/${FRAMEWORKS_FOLDER_PATH}/AlamofireObjectMapper.framework",
				"${TARGET_BUILD_DIR}/${FRAMEWORKS_FOLDER_PATH}/GoogleUtilities.framework",
				"${TARGET_BUILD_DIR}/${FRAMEWORKS_FOLDER_PATH}/KeychainSwift.framework",
				"${TARGET_BUILD_DIR}/${FRAMEWORKS_FOLDER_PATH}/ObjectMapper.framework",
				"${TARGET_BUILD_DIR}/${FRAMEWORKS_FOLDER_PATH}/PromiseKit.framework",
				"${TARGET_BUILD_DIR}/${FRAMEWORKS_FOLDER_PATH}/FBLPromises.framework",
				"${TARGET_BUILD_DIR}/${FRAMEWORKS_FOLDER_PATH}/protobuf.framework",
				"${TARGET_BUILD_DIR}/${FRAMEWORKS_FOLDER_PATH}/Realm.framework",
				"${TARGET_BUILD_DIR}/${FRAMEWORKS_FOLDER_PATH}/RealmSwift.framework",
				"${TARGET_BUILD_DIR}/${FRAMEWORKS_FOLDER_PATH}/SwiftRepository.framework",
				"${TARGET_BUILD_DIR}/${FRAMEWORKS_FOLDER_PATH}/nanopb.framework",
			);
			runOnlyForDeploymentPostprocessing = 0;
			shellPath = /bin/sh;
			shellScript = "\"${PODS_ROOT}/Target Support Files/Pods-RepositoryExample/Pods-RepositoryExample-frameworks.sh\"\n";
			showEnvVarsInLog = 0;
		};
		B53BDEE392CF9736E64400CF /* [CP] Check Pods Manifest.lock */ = {
			isa = PBXShellScriptBuildPhase;
			buildActionMask = 2147483647;
			files = (
			);
			inputFileListPaths = (
			);
			inputPaths = (
				"${PODS_PODFILE_DIR_PATH}/Podfile.lock",
				"${PODS_ROOT}/Manifest.lock",
			);
			name = "[CP] Check Pods Manifest.lock";
			outputFileListPaths = (
			);
			outputPaths = (
				"$(DERIVED_FILE_DIR)/Pods-RepositoryExampleTests-checkManifestLockResult.txt",
			);
			runOnlyForDeploymentPostprocessing = 0;
			shellPath = /bin/sh;
			shellScript = "diff \"${PODS_PODFILE_DIR_PATH}/Podfile.lock\" \"${PODS_ROOT}/Manifest.lock\" > /dev/null\nif [ $? != 0 ] ; then\n    # print error to STDERR\n    echo \"error: The sandbox is not in sync with the Podfile.lock. Run 'pod install' or update your CocoaPods installation.\" >&2\n    exit 1\nfi\n# This output is used by Xcode 'outputs' to avoid re-running this script phase.\necho \"SUCCESS\" > \"${SCRIPT_OUTPUT_FILE_0}\"\n";
			showEnvVarsInLog = 0;
		};
		BF99B559ED8AF4ACA59ECB61 /* [CP] Check Pods Manifest.lock */ = {
			isa = PBXShellScriptBuildPhase;
			buildActionMask = 2147483647;
			files = (
			);
			inputFileListPaths = (
			);
			inputPaths = (
				"${PODS_PODFILE_DIR_PATH}/Podfile.lock",
				"${PODS_ROOT}/Manifest.lock",
			);
			name = "[CP] Check Pods Manifest.lock";
			outputFileListPaths = (
			);
			outputPaths = (
				"$(DERIVED_FILE_DIR)/Pods-RepositoryExample-checkManifestLockResult.txt",
			);
			runOnlyForDeploymentPostprocessing = 0;
			shellPath = /bin/sh;
			shellScript = "diff \"${PODS_PODFILE_DIR_PATH}/Podfile.lock\" \"${PODS_ROOT}/Manifest.lock\" > /dev/null\nif [ $? != 0 ] ; then\n    # print error to STDERR\n    echo \"error: The sandbox is not in sync with the Podfile.lock. Run 'pod install' or update your CocoaPods installation.\" >&2\n    exit 1\nfi\n# This output is used by Xcode 'outputs' to avoid re-running this script phase.\necho \"SUCCESS\" > \"${SCRIPT_OUTPUT_FILE_0}\"\n";
			showEnvVarsInLog = 0;
		};
		E4F21433C2BBEC959FC44478 /* [CP] Embed Pods Frameworks */ = {
			isa = PBXShellScriptBuildPhase;
			buildActionMask = 2147483647;
			files = (
			);
			inputPaths = (
				"${PODS_ROOT}/Target Support Files/Pods-RepositoryExampleTests/Pods-RepositoryExampleTests-frameworks.sh",
				"${BUILT_PRODUCTS_DIR}/Nimble/Nimble.framework",
				"${BUILT_PRODUCTS_DIR}/Quick/Quick.framework",
			);
			name = "[CP] Embed Pods Frameworks";
			outputPaths = (
				"${TARGET_BUILD_DIR}/${FRAMEWORKS_FOLDER_PATH}/Nimble.framework",
				"${TARGET_BUILD_DIR}/${FRAMEWORKS_FOLDER_PATH}/Quick.framework",
			);
			runOnlyForDeploymentPostprocessing = 0;
			shellPath = /bin/sh;
			shellScript = "\"${PODS_ROOT}/Target Support Files/Pods-RepositoryExampleTests/Pods-RepositoryExampleTests-frameworks.sh\"\n";
			showEnvVarsInLog = 0;
		};
/* End PBXShellScriptBuildPhase section */

/* Begin PBXSourcesBuildPhase section */
		607FACCC1AFB9204008FA782 /* Sources */ = {
			isa = PBXSourcesBuildPhase;
			buildActionMask = 2147483647;
			files = (
				CE32C0FB225B2E2D00771C93 /* UserRepository.swift in Sources */,
				CEE21B25243F0062001485E6 /* Keychaine+Store.swift in Sources */,
				C053215A24518A9B00C64B46 /* ActionSessionRepository.swift in Sources */,
				CE32C0F5225B2DDA00771C93 /* ServiceLocator.swift in Sources */,
				CE32C0EF225B2D1A00771C93 /* User+Request.swift in Sources */,
				CE2EA5A2243D9A98005FE3FD /* TokenRepository.swift in Sources */,
				CE32C0F2225B2D3700771C93 /* MainRequestBuilder.swift in Sources */,
				C07416D52452BEE5007F0759 /* CampaignRepository.swift in Sources */,
				C053215D24518AEB00C64B46 /* CardToken.swift in Sources */,
				CE7D9704243F098B00597555 /* UserDefault.swift in Sources */,
				C07416DB2452C7FF007F0759 /* ThemeRepository.swift in Sources */,
				607FACD81AFB9204008FA782 /* ViewController.swift in Sources */,
				CEE21B28243F01AC001485E6 /* Token.swift in Sources */,
				607FACD61AFB9204008FA782 /* AppDelegate.swift in Sources */,
				C053215F24518B3B00C64B46 /* CardSessionManager.swift in Sources */,
				CE32C0EC225B2CFD00771C93 /* User.swift in Sources */,
				CEE4563523CC66A600C55556 /* MainSessionManager.swift in Sources */,
				CE90E192243F554D00E4446F /* Image+Request.swift in Sources */,
				CEE21B2A243F01BB001485E6 /* Token+Request.swift in Sources */,
				C07416D92452C6A3007F0759 /* Connectivity.swift in Sources */,
				C05321582450348F00C64B46 /* CampaignInteractor.swift in Sources */,
				C07416D72452BF07007F0759 /* Cmapaign.swift in Sources */,
				CE90E190243F551900E4446F /* ImageRepository.swift in Sources */,
			);
			runOnlyForDeploymentPostprocessing = 0;
		};
		C07416E42452E677007F0759 /* Sources */ = {
			isa = PBXSourcesBuildPhase;
			buildActionMask = 2147483647;
			files = (
				C07416F22452E696007F0759 /* CampaignInteractorTests.swift in Sources */,
				C07416F62452EDC3007F0759 /* MockCampaignRepository.swift in Sources */,
				C07416EB2452E677007F0759 /* RepositoryExampleTests.swift in Sources */,
				C07416F32452E699007F0759 /* MockActionSessionRepository.swift in Sources */,
			);
			runOnlyForDeploymentPostprocessing = 0;
		};
/* End PBXSourcesBuildPhase section */

/* Begin PBXTargetDependency section */
		C07416EE2452E677007F0759 /* PBXTargetDependency */ = {
			isa = PBXTargetDependency;
			target = 607FACCF1AFB9204008FA782 /* RepositoryExample */;
			targetProxy = C07416ED2452E677007F0759 /* PBXContainerItemProxy */;
		};
/* End PBXTargetDependency section */

/* Begin PBXVariantGroup section */
		607FACD91AFB9204008FA782 /* Main.storyboard */ = {
			isa = PBXVariantGroup;
			children = (
				607FACDA1AFB9204008FA782 /* Base */,
			);
			name = Main.storyboard;
			sourceTree = "<group>";
		};
		607FACDE1AFB9204008FA782 /* LaunchScreen.xib */ = {
			isa = PBXVariantGroup;
			children = (
				607FACDF1AFB9204008FA782 /* Base */,
			);
			name = LaunchScreen.xib;
			sourceTree = "<group>";
		};
/* End PBXVariantGroup section */

/* Begin XCBuildConfiguration section */
		607FACED1AFB9204008FA782 /* Debug */ = {
			isa = XCBuildConfiguration;
			buildSettings = {
				ALWAYS_SEARCH_USER_PATHS = NO;
				CLANG_ANALYZER_LOCALIZABILITY_NONLOCALIZED = YES;
				CLANG_CXX_LANGUAGE_STANDARD = "gnu++0x";
				CLANG_CXX_LIBRARY = "libc++";
				CLANG_ENABLE_MODULES = YES;
				CLANG_ENABLE_OBJC_ARC = YES;
				CLANG_WARN_BLOCK_CAPTURE_AUTORELEASING = YES;
				CLANG_WARN_BOOL_CONVERSION = YES;
				CLANG_WARN_COMMA = YES;
				CLANG_WARN_CONSTANT_CONVERSION = YES;
				CLANG_WARN_DEPRECATED_OBJC_IMPLEMENTATIONS = YES;
				CLANG_WARN_DIRECT_OBJC_ISA_USAGE = YES_ERROR;
				CLANG_WARN_EMPTY_BODY = YES;
				CLANG_WARN_ENUM_CONVERSION = YES;
				CLANG_WARN_INFINITE_RECURSION = YES;
				CLANG_WARN_INT_CONVERSION = YES;
				CLANG_WARN_NON_LITERAL_NULL_CONVERSION = YES;
				CLANG_WARN_OBJC_IMPLICIT_RETAIN_SELF = YES;
				CLANG_WARN_OBJC_LITERAL_CONVERSION = YES;
				CLANG_WARN_OBJC_ROOT_CLASS = YES_ERROR;
				CLANG_WARN_RANGE_LOOP_ANALYSIS = YES;
				CLANG_WARN_STRICT_PROTOTYPES = YES;
				CLANG_WARN_SUSPICIOUS_MOVE = YES;
				CLANG_WARN_UNREACHABLE_CODE = YES;
				CLANG_WARN__DUPLICATE_METHOD_MATCH = YES;
				"CODE_SIGN_IDENTITY[sdk=iphoneos*]" = "iPhone Developer";
				COPY_PHASE_STRIP = NO;
				DEBUG_INFORMATION_FORMAT = "dwarf-with-dsym";
				ENABLE_STRICT_OBJC_MSGSEND = YES;
				ENABLE_TESTABILITY = YES;
				GCC_C_LANGUAGE_STANDARD = gnu99;
				GCC_DYNAMIC_NO_PIC = NO;
				GCC_NO_COMMON_BLOCKS = YES;
				GCC_OPTIMIZATION_LEVEL = 0;
				GCC_PREPROCESSOR_DEFINITIONS = (
					"DEBUG=1",
					"$(inherited)",
				);
				GCC_SYMBOLS_PRIVATE_EXTERN = NO;
				GCC_WARN_64_TO_32_BIT_CONVERSION = YES;
				GCC_WARN_ABOUT_RETURN_TYPE = YES_ERROR;
				GCC_WARN_UNDECLARED_SELECTOR = YES;
				GCC_WARN_UNINITIALIZED_AUTOS = YES_AGGRESSIVE;
				GCC_WARN_UNUSED_FUNCTION = YES;
				GCC_WARN_UNUSED_VARIABLE = YES;
				IPHONEOS_DEPLOYMENT_TARGET = 11.0;
				MTL_ENABLE_DEBUG_INFO = YES;
				ONLY_ACTIVE_ARCH = YES;
				SDKROOT = iphoneos;
				SWIFT_OPTIMIZATION_LEVEL = "-Onone";
			};
			name = Debug;
		};
		607FACEE1AFB9204008FA782 /* Release */ = {
			isa = XCBuildConfiguration;
			buildSettings = {
				ALWAYS_SEARCH_USER_PATHS = NO;
				CLANG_ANALYZER_LOCALIZABILITY_NONLOCALIZED = YES;
				CLANG_CXX_LANGUAGE_STANDARD = "gnu++0x";
				CLANG_CXX_LIBRARY = "libc++";
				CLANG_ENABLE_MODULES = YES;
				CLANG_ENABLE_OBJC_ARC = YES;
				CLANG_WARN_BLOCK_CAPTURE_AUTORELEASING = YES;
				CLANG_WARN_BOOL_CONVERSION = YES;
				CLANG_WARN_COMMA = YES;
				CLANG_WARN_CONSTANT_CONVERSION = YES;
				CLANG_WARN_DEPRECATED_OBJC_IMPLEMENTATIONS = YES;
				CLANG_WARN_DIRECT_OBJC_ISA_USAGE = YES_ERROR;
				CLANG_WARN_EMPTY_BODY = YES;
				CLANG_WARN_ENUM_CONVERSION = YES;
				CLANG_WARN_INFINITE_RECURSION = YES;
				CLANG_WARN_INT_CONVERSION = YES;
				CLANG_WARN_NON_LITERAL_NULL_CONVERSION = YES;
				CLANG_WARN_OBJC_IMPLICIT_RETAIN_SELF = YES;
				CLANG_WARN_OBJC_LITERAL_CONVERSION = YES;
				CLANG_WARN_OBJC_ROOT_CLASS = YES_ERROR;
				CLANG_WARN_RANGE_LOOP_ANALYSIS = YES;
				CLANG_WARN_STRICT_PROTOTYPES = YES;
				CLANG_WARN_SUSPICIOUS_MOVE = YES;
				CLANG_WARN_UNREACHABLE_CODE = YES;
				CLANG_WARN__DUPLICATE_METHOD_MATCH = YES;
				"CODE_SIGN_IDENTITY[sdk=iphoneos*]" = "iPhone Developer";
				COPY_PHASE_STRIP = NO;
				DEBUG_INFORMATION_FORMAT = "dwarf-with-dsym";
				ENABLE_NS_ASSERTIONS = NO;
				ENABLE_STRICT_OBJC_MSGSEND = YES;
				GCC_C_LANGUAGE_STANDARD = gnu99;
				GCC_NO_COMMON_BLOCKS = YES;
				GCC_WARN_64_TO_32_BIT_CONVERSION = YES;
				GCC_WARN_ABOUT_RETURN_TYPE = YES_ERROR;
				GCC_WARN_UNDECLARED_SELECTOR = YES;
				GCC_WARN_UNINITIALIZED_AUTOS = YES_AGGRESSIVE;
				GCC_WARN_UNUSED_FUNCTION = YES;
				GCC_WARN_UNUSED_VARIABLE = YES;
				IPHONEOS_DEPLOYMENT_TARGET = 11.0;
				MTL_ENABLE_DEBUG_INFO = NO;
				SDKROOT = iphoneos;
				SWIFT_OPTIMIZATION_LEVEL = "-Owholemodule";
				VALIDATE_PRODUCT = YES;
			};
			name = Release;
		};
		607FACF01AFB9204008FA782 /* Debug */ = {
			isa = XCBuildConfiguration;
			baseConfigurationReference = EB58A924433A42E6D1B2C489 /* Pods-RepositoryExample.debug.xcconfig */;
			buildSettings = {
				ASSETCATALOG_COMPILER_APPICON_NAME = AppIcon;
				FRAMEWORK_SEARCH_PATHS = "$(inherited)";
				GCC_SYMBOLS_PRIVATE_EXTERN = NO;
				INFOPLIST_FILE = Repository/Info.plist;
				IPHONEOS_DEPLOYMENT_TARGET = 11.0;
				LD_RUNPATH_SEARCH_PATHS = "$(inherited) @executable_path/Frameworks";
				MODULE_NAME = ExampleApp;
				PRODUCT_BUNDLE_IDENTIFIER = "org.cocoapods.demo.$(PRODUCT_NAME:rfc1034identifier)";
				PRODUCT_NAME = "$(TARGET_NAME)";
				SWIFT_VERSION = 5.0;
				TEST_HOST = "$(BUNDLE_LOADER)";
			};
			name = Debug;
		};
		607FACF11AFB9204008FA782 /* Release */ = {
			isa = XCBuildConfiguration;
			baseConfigurationReference = BACC75B54890D45A12B37323 /* Pods-RepositoryExample.release.xcconfig */;
			buildSettings = {
				ASSETCATALOG_COMPILER_APPICON_NAME = AppIcon;
				FRAMEWORK_SEARCH_PATHS = "$(inherited)";
				GCC_SYMBOLS_PRIVATE_EXTERN = NO;
				INFOPLIST_FILE = Repository/Info.plist;
				IPHONEOS_DEPLOYMENT_TARGET = 11.0;
				LD_RUNPATH_SEARCH_PATHS = "$(inherited) @executable_path/Frameworks";
				MODULE_NAME = ExampleApp;
				PRODUCT_BUNDLE_IDENTIFIER = "org.cocoapods.demo.$(PRODUCT_NAME:rfc1034identifier)";
				PRODUCT_NAME = "$(TARGET_NAME)";
				SWIFT_VERSION = 5.0;
				TEST_HOST = "$(BUNDLE_LOADER)";
			};
			name = Release;
		};
		C07416F02452E677007F0759 /* Debug */ = {
			isa = XCBuildConfiguration;
			baseConfigurationReference = C555A0249AF9EE9BE6A2E48C /* Pods-RepositoryExampleTests.debug.xcconfig */;
			buildSettings = {
				BUNDLE_LOADER = "$(TEST_HOST)";
				CLANG_ANALYZER_NONNULL = YES;
				CLANG_ANALYZER_NUMBER_OBJECT_CONVERSION = YES_AGGRESSIVE;
				CLANG_CXX_LANGUAGE_STANDARD = "gnu++14";
				CLANG_ENABLE_OBJC_WEAK = YES;
				CLANG_WARN_DOCUMENTATION_COMMENTS = YES;
				CLANG_WARN_UNGUARDED_AVAILABILITY = YES_AGGRESSIVE;
				CODE_SIGN_STYLE = Automatic;
				DEBUG_INFORMATION_FORMAT = dwarf;
				DEVELOPMENT_TEAM = DD28NK8TQ5;
				GCC_C_LANGUAGE_STANDARD = gnu11;
				INFOPLIST_FILE = RepositoryExampleTests/Info.plist;
				IPHONEOS_DEPLOYMENT_TARGET = 13.4;
				LD_RUNPATH_SEARCH_PATHS = "$(inherited) @executable_path/Frameworks @loader_path/Frameworks";
				MTL_ENABLE_DEBUG_INFO = INCLUDE_SOURCE;
				MTL_FAST_MATH = YES;
				PRODUCT_BUNDLE_IDENTIFIER = "com.valtech.saxendacare-arg.RepositoryExampleTests";
				PRODUCT_NAME = "$(TARGET_NAME)";
				SWIFT_ACTIVE_COMPILATION_CONDITIONS = DEBUG;
				SWIFT_VERSION = 5.0;
				TARGETED_DEVICE_FAMILY = "1,2";
				TEST_HOST = "$(BUILT_PRODUCTS_DIR)/RepositoryExample.app/RepositoryExample";
			};
			name = Debug;
		};
		C07416F12452E677007F0759 /* Release */ = {
			isa = XCBuildConfiguration;
			baseConfigurationReference = B360B1B8F9B6A54648800C34 /* Pods-RepositoryExampleTests.release.xcconfig */;
			buildSettings = {
				BUNDLE_LOADER = "$(TEST_HOST)";
				CLANG_ANALYZER_NONNULL = YES;
				CLANG_ANALYZER_NUMBER_OBJECT_CONVERSION = YES_AGGRESSIVE;
				CLANG_CXX_LANGUAGE_STANDARD = "gnu++14";
				CLANG_ENABLE_OBJC_WEAK = YES;
				CLANG_WARN_DOCUMENTATION_COMMENTS = YES;
				CLANG_WARN_UNGUARDED_AVAILABILITY = YES_AGGRESSIVE;
				CODE_SIGN_STYLE = Automatic;
				DEVELOPMENT_TEAM = DD28NK8TQ5;
				GCC_C_LANGUAGE_STANDARD = gnu11;
				INFOPLIST_FILE = RepositoryExampleTests/Info.plist;
				IPHONEOS_DEPLOYMENT_TARGET = 13.4;
				LD_RUNPATH_SEARCH_PATHS = "$(inherited) @executable_path/Frameworks @loader_path/Frameworks";
				MTL_FAST_MATH = YES;
				PRODUCT_BUNDLE_IDENTIFIER = "com.valtech.saxendacare-arg.RepositoryExampleTests";
				PRODUCT_NAME = "$(TARGET_NAME)";
				SWIFT_VERSION = 5.0;
				TARGETED_DEVICE_FAMILY = "1,2";
				TEST_HOST = "$(BUILT_PRODUCTS_DIR)/RepositoryExample.app/RepositoryExample";
			};
			name = Release;
		};
/* End XCBuildConfiguration section */

/* Begin XCConfigurationList section */
		607FACCB1AFB9204008FA782 /* Build configuration list for PBXProject "Repository" */ = {
			isa = XCConfigurationList;
			buildConfigurations = (
				607FACED1AFB9204008FA782 /* Debug */,
				607FACEE1AFB9204008FA782 /* Release */,
			);
			defaultConfigurationIsVisible = 0;
			defaultConfigurationName = Release;
		};
		607FACEF1AFB9204008FA782 /* Build configuration list for PBXNativeTarget "RepositoryExample" */ = {
			isa = XCConfigurationList;
			buildConfigurations = (
				607FACF01AFB9204008FA782 /* Debug */,
				607FACF11AFB9204008FA782 /* Release */,
			);
			defaultConfigurationIsVisible = 0;
			defaultConfigurationName = Release;
		};
		C07416EF2452E677007F0759 /* Build configuration list for PBXNativeTarget "RepositoryExampleTests" */ = {
			isa = XCConfigurationList;
			buildConfigurations = (
				C07416F02452E677007F0759 /* Debug */,
				C07416F12452E677007F0759 /* Release */,
			);
			defaultConfigurationIsVisible = 0;
			defaultConfigurationName = Release;
		};
/* End XCConfigurationList section */
	};
	rootObject = 607FACC81AFB9204008FA782 /* Project object */;
}
